// !$*UTF8*$!
{
	archiveVersion = 1;
	classes = {
	};
	objectVersion = 77;
	objects = {

/* Begin PBXBuildFile section */
		020E6C3D173AD7E05AC7A15A /* RootView.swift in Sources */ = {isa = PBXBuildFile; fileRef = 213CB5AEDC97C0942C10558F /* RootView.swift */; };
		154CB32BBDF7469F91B49587 /* MediaModels.swift in Sources */ = {isa = PBXBuildFile; fileRef = 569A548ECCAC07CC9E9B92D2 /* MediaModels.swift */; };
		1624805A1FF72880895DDB5A /* OutputStatusBar.swift in Sources */ = {isa = PBXBuildFile; fileRef = 27589625C8FC5B053A3F725C /* OutputStatusBar.swift */; };
		28C1335FD15B6AE87DD31AB3 /* PlaybackController.swift in Sources */ = {isa = PBXBuildFile; fileRef = 8A5E1B676CDA189E4C8C26CB /* PlaybackController.swift */; };
		3E21186036951CC387B69F2E /* SlideGridView.swift in Sources */ = {isa = PBXBuildFile; fileRef = 75B620D6408556D32380C918 /* SlideGridView.swift */; };
		4A94C48FF22B0552314D441E /* DeckLinkDiagnostics.swift in Sources */ = {isa = PBXBuildFile; fileRef = CF97362F36D6ED17D41359D2 /* DeckLinkDiagnostics.swift */; };
		4D7E6C165E984434FD9A4BB0 /* SPFrameBlend.c in Sources */ = {isa = PBXBuildFile; fileRef = 4FFDD7785740559EEB94F4CA /* SPFrameBlend.c */; };
		51CA5DA530C6B560FA1A7989 /* SimplePlaybackProjectDocument.swift in Sources */ = {isa = PBXBuildFile; fileRef = BAB740EFC960FD945A655941 /* SimplePlaybackProjectDocument.swift */; };
		54CEA8F876D2A59653C1D8EE /* Sparkle in Frameworks */ = {isa = PBXBuildFile; productRef = 4213C51E238E88088B4700FC /* Sparkle */; };
		5602C3EC7F566873E1629051 /* FrameRenderer.swift in Sources */ = {isa = PBXBuildFile; fileRef = A45B0A7CB7DDDC72B747F7C8 /* FrameRenderer.swift */; };
		62CDF088556B0DAA473AC800 /* AudioPump.swift in Sources */ = {isa = PBXBuildFile; fileRef = 3906CB66B7CA3652EABFE931 /* AudioPump.swift */; };
		67765CD777AA4E30553D4126 /* SimplePlaybackApp.swift in Sources */ = {isa = PBXBuildFile; fileRef = ECEAD362FE5313C14713663D /* SimplePlaybackApp.swift */; };
		7903F319F280ADCB53522EA0 /* Assets.xcassets in Resources */ = {isa = PBXBuildFile; fileRef = 9E5D5CE935540C98B6BAAAEF /* Assets.xcassets */; };
		9293FC94ADE051275861BFE8 /* AVKit.framework in Frameworks */ = {isa = PBXBuildFile; fileRef = 92D6FAD99797FC3C21DA725E /* AVKit.framework */; };
		9525CC03694D231B2D50683E /* SimplePlaybackDocument.swift in Sources */ = {isa = PBXBuildFile; fileRef = 29F9DCDACFB1E27A47F7D0DE /* SimplePlaybackDocument.swift */; };
		A81F8D8813F0437F211EF445 /* MediaImporter.swift in Sources */ = {isa = PBXBuildFile; fileRef = B328F432BC7CCB991A9A8373 /* MediaImporter.swift */; };
		B69CE1461F740680651EFC39 /* AppIcon.icon in Resources */ = {isa = PBXBuildFile; fileRef = F1E1F27FCEA1C60E3C601307 /* AppIcon.icon */; };
		BFE5FEA90AEA11BD597BEC0C /* AVFoundation.framework in Frameworks */ = {isa = PBXBuildFile; fileRef = EB3CFD9074943CC8F73C637C /* AVFoundation.framework */; };
		C02D1DDF70B419255097C42E /* InspectorView.swift in Sources */ = {isa = PBXBuildFile; fileRef = 0BC0B853C12B46AB64798C9D /* InspectorView.swift */; };
		C9842DF5C4DF8FAA50B74011 /* DeckLinkBridge.mm in Sources */ = {isa = PBXBuildFile; fileRef = B637A693F1741DD785724AAE /* DeckLinkBridge.mm */; };
		CC37F2E5CFC466A33AA98F58 /* ModelTests.swift in Sources */ = {isa = PBXBuildFile; fileRef = 773B6424E99EBEA84CB2027B /* ModelTests.swift */; };
		CF0020C246A6F8DF7BC4B6D6 /* VideoOutput.swift in Sources */ = {isa = PBXBuildFile; fileRef = CF2597FFE1CB9927C6CB6395 /* VideoOutput.swift */; };
		DF9D9D2A7D5D102CC20FCD95 /* DeckLinkSDKDispatch.cpp in Sources */ = {isa = PBXBuildFile; fileRef = 9E8B4217656574F74350F1FF /* DeckLinkSDKDispatch.cpp */; };
		EAA4BC2642696555F131F8BE /* OutputPreviewView.swift in Sources */ = {isa = PBXBuildFile; fileRef = 5D0C8298731E2AD4C22B2306 /* OutputPreviewView.swift */; };
		F6777B6986F9083E1C779BD2 /* CoreImage.framework in Frameworks */ = {isa = PBXBuildFile; fileRef = E66F934F6D6C5561905E6550 /* CoreImage.framework */; };
		FC32EE8637C41BE54C785AF4 /* UniformTypeIdentifiers.framework in Frameworks */ = {isa = PBXBuildFile; fileRef = D8CA5B1A327E84EEA75F0B9F /* UniformTypeIdentifiers.framework */; };
/* End PBXBuildFile section */

/* Begin PBXContainerItemProxy section */
		73C8F1D94F3EB8A84F20F999 /* PBXContainerItemProxy */ = {
			isa = PBXContainerItemProxy;
			containerPortal = 761E44A1E89376BF8C2B320F /* Project object */;
			proxyType = 1;
			remoteGlobalIDString = 254E6CD3CFEEA6DCF7804E5B;
			remoteInfo = "Simple Playback";
		};
/* End PBXContainerItemProxy section */

/* Begin PBXFileReference section */
		0BC0B853C12B46AB64798C9D /* InspectorView.swift */ = {isa = PBXFileReference; lastKnownFileType = sourcecode.swift; path = InspectorView.swift; sourceTree = "<group>"; };
		213CB5AEDC97C0942C10558F /* RootView.swift */ = {isa = PBXFileReference; lastKnownFileType = sourcecode.swift; path = RootView.swift; sourceTree = "<group>"; };
		27589625C8FC5B053A3F725C /* OutputStatusBar.swift */ = {isa = PBXFileReference; lastKnownFileType = sourcecode.swift; path = OutputStatusBar.swift; sourceTree = "<group>"; };
		29F9DCDACFB1E27A47F7D0DE /* SimplePlaybackDocument.swift */ = {isa = PBXFileReference; lastKnownFileType = sourcecode.swift; path = SimplePlaybackDocument.swift; sourceTree = "<group>"; };
		364D651E1585BC12FAC85DC1 /* SimplePlayback.entitlements */ = {isa = PBXFileReference; lastKnownFileType = text.plist.entitlements; path = SimplePlayback.entitlements; sourceTree = "<group>"; };
		3906CB66B7CA3652EABFE931 /* AudioPump.swift */ = {isa = PBXFileReference; lastKnownFileType = sourcecode.swift; path = AudioPump.swift; sourceTree = "<group>"; };
		39A90630AF349E25D5676488 /* SPFrameBlend.h */ = {isa = PBXFileReference; lastKnownFileType = sourcecode.c.h; path = SPFrameBlend.h; sourceTree = "<group>"; };
		4FFDD7785740559EEB94F4CA /* SPFrameBlend.c */ = {isa = PBXFileReference; lastKnownFileType = sourcecode.c.c; path = SPFrameBlend.c; sourceTree = "<group>"; };
		569A548ECCAC07CC9E9B92D2 /* MediaModels.swift */ = {isa = PBXFileReference; lastKnownFileType = sourcecode.swift; path = MediaModels.swift; sourceTree = "<group>"; };
		5D0C8298731E2AD4C22B2306 /* OutputPreviewView.swift */ = {isa = PBXFileReference; lastKnownFileType = sourcecode.swift; path = OutputPreviewView.swift; sourceTree = "<group>"; };
		74F6B96FEA30A03C2D3B1FBB /* DeckLinkBridge.h */ = {isa = PBXFileReference; lastKnownFileType = sourcecode.c.h; path = DeckLinkBridge.h; sourceTree = "<group>"; };
		75B620D6408556D32380C918 /* SlideGridView.swift */ = {isa = PBXFileReference; lastKnownFileType = sourcecode.swift; path = SlideGridView.swift; sourceTree = "<group>"; };
		773B6424E99EBEA84CB2027B /* ModelTests.swift */ = {isa = PBXFileReference; lastKnownFileType = sourcecode.swift; path = ModelTests.swift; sourceTree = "<group>"; };
		7AABB7CD8A197ED38F964D63 /* Info.plist */ = {isa = PBXFileReference; lastKnownFileType = text.plist; path = Info.plist; sourceTree = "<group>"; };
		8A5E1B676CDA189E4C8C26CB /* PlaybackController.swift */ = {isa = PBXFileReference; lastKnownFileType = sourcecode.swift; path = PlaybackController.swift; sourceTree = "<group>"; };
		92D6FAD99797FC3C21DA725E /* AVKit.framework */ = {isa = PBXFileReference; lastKnownFileType = wrapper.framework; name = AVKit.framework; path = System/Library/Frameworks/AVKit.framework; sourceTree = SDKROOT; };
		9E5D5CE935540C98B6BAAAEF /* Assets.xcassets */ = {isa = PBXFileReference; lastKnownFileType = folder.assetcatalog; path = Assets.xcassets; sourceTree = "<group>"; };
		9E8B4217656574F74350F1FF /* DeckLinkSDKDispatch.cpp */ = {isa = PBXFileReference; lastKnownFileType = sourcecode.cpp.cpp; path = DeckLinkSDKDispatch.cpp; sourceTree = "<group>"; };
		A45B0A7CB7DDDC72B747F7C8 /* FrameRenderer.swift */ = {isa = PBXFileReference; lastKnownFileType = sourcecode.swift; path = FrameRenderer.swift; sourceTree = "<group>"; };
		A66F04C7C7C26DBC9EA69F81 /* Simple PlaybackTests.xctest */ = {isa = PBXFileReference; explicitFileType = wrapper.cfbundle; includeInIndex = 0; path = "Simple PlaybackTests.xctest"; sourceTree = BUILT_PRODUCTS_DIR; };
		B328F432BC7CCB991A9A8373 /* MediaImporter.swift */ = {isa = PBXFileReference; lastKnownFileType = sourcecode.swift; path = MediaImporter.swift; sourceTree = "<group>"; };
		B55CC65960D79FA6ECC0214F /* Simple Playback.app */ = {isa = PBXFileReference; explicitFileType = wrapper.application; includeInIndex = 0; path = "Simple Playback.app"; sourceTree = BUILT_PRODUCTS_DIR; };
		B637A693F1741DD785724AAE /* DeckLinkBridge.mm */ = {isa = PBXFileReference; lastKnownFileType = sourcecode.cpp.objcpp; path = DeckLinkBridge.mm; sourceTree = "<group>"; };
		BAB740EFC960FD945A655941 /* SimplePlaybackProjectDocument.swift */ = {isa = PBXFileReference; lastKnownFileType = sourcecode.swift; path = SimplePlaybackProjectDocument.swift; sourceTree = "<group>"; };
		CA6758AB37C36BC8F192C9C3 /* SimplePlayback-Bridging-Header.h */ = {isa = PBXFileReference; lastKnownFileType = sourcecode.c.h; path = "SimplePlayback-Bridging-Header.h"; sourceTree = "<group>"; };
		CF2597FFE1CB9927C6CB6395 /* VideoOutput.swift */ = {isa = PBXFileReference; lastKnownFileType = sourcecode.swift; path = VideoOutput.swift; sourceTree = "<group>"; };
		CF97362F36D6ED17D41359D2 /* DeckLinkDiagnostics.swift */ = {isa = PBXFileReference; lastKnownFileType = sourcecode.swift; path = DeckLinkDiagnostics.swift; sourceTree = "<group>"; };
		D8CA5B1A327E84EEA75F0B9F /* UniformTypeIdentifiers.framework */ = {isa = PBXFileReference; lastKnownFileType = wrapper.framework; name = UniformTypeIdentifiers.framework; path = System/Library/Frameworks/UniformTypeIdentifiers.framework; sourceTree = SDKROOT; };
		E1B3AC760F776AC4DDC6B0F9 /* DeckLinkSDK.h */ = {isa = PBXFileReference; lastKnownFileType = sourcecode.c.h; path = DeckLinkSDK.h; sourceTree = "<group>"; };
		E66F934F6D6C5561905E6550 /* CoreImage.framework */ = {isa = PBXFileReference; lastKnownFileType = wrapper.framework; name = CoreImage.framework; path = System/Library/Frameworks/CoreImage.framework; sourceTree = SDKROOT; };
		EB3CFD9074943CC8F73C637C /* AVFoundation.framework */ = {isa = PBXFileReference; lastKnownFileType = wrapper.framework; name = AVFoundation.framework; path = System/Library/Frameworks/AVFoundation.framework; sourceTree = SDKROOT; };
		ECEAD362FE5313C14713663D /* SimplePlaybackApp.swift */ = {isa = PBXFileReference; lastKnownFileType = sourcecode.swift; path = SimplePlaybackApp.swift; sourceTree = "<group>"; };
		F1E1F27FCEA1C60E3C601307 /* AppIcon.icon */ = {isa = PBXFileReference; lastKnownFileType = wrapper.icon; path = AppIcon.icon; sourceTree = "<group>"; };
/* End PBXFileReference section */

/* Begin PBXFrameworksBuildPhase section */
		BD981321A91BB26AF9EE93BE /* Frameworks */ = {
			isa = PBXFrameworksBuildPhase;
			buildActionMask = 2147483647;
			files = (
				54CEA8F876D2A59653C1D8EE /* Sparkle in Frameworks */,
				BFE5FEA90AEA11BD597BEC0C /* AVFoundation.framework in Frameworks */,
				9293FC94ADE051275861BFE8 /* AVKit.framework in Frameworks */,
				F6777B6986F9083E1C779BD2 /* CoreImage.framework in Frameworks */,
				FC32EE8637C41BE54C785AF4 /* UniformTypeIdentifiers.framework in Frameworks */,
			);
			runOnlyForDeploymentPostprocessing = 0;
		};
/* End PBXFrameworksBuildPhase section */

/* Begin PBXGroup section */
		0A02FCE5513A2219D4B41DDA /* Playback */ = {
			isa = PBXGroup;
			children = (
				3906CB66B7CA3652EABFE931 /* AudioPump.swift */,
				A45B0A7CB7DDDC72B747F7C8 /* FrameRenderer.swift */,
				8A5E1B676CDA189E4C8C26CB /* PlaybackController.swift */,
				4FFDD7785740559EEB94F4CA /* SPFrameBlend.c */,
				39A90630AF349E25D5676488 /* SPFrameBlend.h */,
			);
			path = Playback;
			sourceTree = "<group>";
		};
		11250D7404D7981A217881B1 /* Output */ = {
			isa = PBXGroup;
			children = (
				74F6B96FEA30A03C2D3B1FBB /* DeckLinkBridge.h */,
				B637A693F1741DD785724AAE /* DeckLinkBridge.mm */,
				CF97362F36D6ED17D41359D2 /* DeckLinkDiagnostics.swift */,
				E1B3AC760F776AC4DDC6B0F9 /* DeckLinkSDK.h */,
				9E8B4217656574F74350F1FF /* DeckLinkSDKDispatch.cpp */,
				CF2597FFE1CB9927C6CB6395 /* VideoOutput.swift */,
			);
			path = Output;
			sourceTree = "<group>";
		};
		2FF847F35B8B33E9C1790D62 = {
			isa = PBXGroup;
			children = (
				CFD4C371E2569FA9146F4D08 /* Simple Playback */,
				5DCAA6C450AB6D61658449BB /* Simple PlaybackTests */,
				B08772CC5E71FF97DB76D4C3 /* Frameworks */,
				618081300A9C624D3B7A5428 /* Products */,
			);
			sourceTree = "<group>";
		};
		51C46C9B2315F58C75838CA9 /* Views */ = {
			isa = PBXGroup;
			children = (
				0BC0B853C12B46AB64798C9D /* InspectorView.swift */,
				5D0C8298731E2AD4C22B2306 /* OutputPreviewView.swift */,
				27589625C8FC5B053A3F725C /* OutputStatusBar.swift */,
				213CB5AEDC97C0942C10558F /* RootView.swift */,
				75B620D6408556D32380C918 /* SlideGridView.swift */,
			);
			path = Views;
			sourceTree = "<group>";
		};
		5BFBB06B9DEAD094F0552AE7 /* Models */ = {
			isa = PBXGroup;
			children = (
				569A548ECCAC07CC9E9B92D2 /* MediaModels.swift */,
				29F9DCDACFB1E27A47F7D0DE /* SimplePlaybackDocument.swift */,
				BAB740EFC960FD945A655941 /* SimplePlaybackProjectDocument.swift */,
			);
			path = Models;
			sourceTree = "<group>";
		};
		5DCAA6C450AB6D61658449BB /* Simple PlaybackTests */ = {
			isa = PBXGroup;
			children = (
				773B6424E99EBEA84CB2027B /* ModelTests.swift */,
			);
			path = "Simple PlaybackTests";
			sourceTree = "<group>";
		};
		618081300A9C624D3B7A5428 /* Products */ = {
			isa = PBXGroup;
			children = (
				B55CC65960D79FA6ECC0214F /* Simple Playback.app */,
				A66F04C7C7C26DBC9EA69F81 /* Simple PlaybackTests.xctest */,
			);
			name = Products;
			sourceTree = "<group>";
		};
		7B7D8CB4CEB91D27E0F10A91 /* Support */ = {
			isa = PBXGroup;
			children = (
				F1E1F27FCEA1C60E3C601307 /* AppIcon.icon */,
				9E5D5CE935540C98B6BAAAEF /* Assets.xcassets */,
				7AABB7CD8A197ED38F964D63 /* Info.plist */,
				CA6758AB37C36BC8F192C9C3 /* SimplePlayback-Bridging-Header.h */,
				364D651E1585BC12FAC85DC1 /* SimplePlayback.entitlements */,
			);
			path = Support;
			sourceTree = "<group>";
		};
		B08772CC5E71FF97DB76D4C3 /* Frameworks */ = {
			isa = PBXGroup;
			children = (
				EB3CFD9074943CC8F73C637C /* AVFoundation.framework */,
				92D6FAD99797FC3C21DA725E /* AVKit.framework */,
				E66F934F6D6C5561905E6550 /* CoreImage.framework */,
				D8CA5B1A327E84EEA75F0B9F /* UniformTypeIdentifiers.framework */,
			);
			name = Frameworks;
			sourceTree = "<group>";
		};
		CFD4C371E2569FA9146F4D08 /* Simple Playback */ = {
			isa = PBXGroup;
			children = (
				D2658B37327DFE964F91ECA9 /* App */,
				5BFBB06B9DEAD094F0552AE7 /* Models */,
				11250D7404D7981A217881B1 /* Output */,
				0A02FCE5513A2219D4B41DDA /* Playback */,
				E90F62939082F88EED632467 /* Services */,
				7B7D8CB4CEB91D27E0F10A91 /* Support */,
				51C46C9B2315F58C75838CA9 /* Views */,
			);
			path = "Simple Playback";
			sourceTree = "<group>";
		};
		D2658B37327DFE964F91ECA9 /* App */ = {
			isa = PBXGroup;
			children = (
				ECEAD362FE5313C14713663D /* SimplePlaybackApp.swift */,
			);
			path = App;
			sourceTree = "<group>";
		};
		E90F62939082F88EED632467 /* Services */ = {
			isa = PBXGroup;
			children = (
				B328F432BC7CCB991A9A8373 /* MediaImporter.swift */,
			);
			path = Services;
			sourceTree = "<group>";
		};
/* End PBXGroup section */

/* Begin PBXNativeTarget section */
		254E6CD3CFEEA6DCF7804E5B /* Simple Playback */ = {
			isa = PBXNativeTarget;
			buildConfigurationList = D04341920E2699469CCD5B32 /* Build configuration list for PBXNativeTarget "Simple Playback" */;
			buildPhases = (
				075A893A2C94E6CCA7FDD128 /* Sources */,
				3A4BDE390AF8A8B3478239F7 /* Resources */,
				BD981321A91BB26AF9EE93BE /* Frameworks */,
			);
			buildRules = (
			);
			dependencies = (
			);
			name = "Simple Playback";
			packageProductDependencies = (
				4213C51E238E88088B4700FC /* Sparkle */,
			);
			productName = "Simple Playback";
			productReference = B55CC65960D79FA6ECC0214F /* Simple Playback.app */;
			productType = "com.apple.product-type.application";
		};
		867D1334612645B439F74D61 /* Simple PlaybackTests */ = {
			isa = PBXNativeTarget;
			buildConfigurationList = 961D6268C048175B110823BF /* Build configuration list for PBXNativeTarget "Simple PlaybackTests" */;
			buildPhases = (
				2FABA73C4E6BEA67C640756E /* Sources */,
			);
			buildRules = (
			);
			dependencies = (
				CBADD1E464D0DC34112E586D /* PBXTargetDependency */,
			);
			name = "Simple PlaybackTests";
			packageProductDependencies = (
			);
			productName = "Simple PlaybackTests";
			productReference = A66F04C7C7C26DBC9EA69F81 /* Simple PlaybackTests.xctest */;
			productType = "com.apple.product-type.bundle.unit-test";
		};
/* End PBXNativeTarget section */

/* Begin PBXProject section */
		761E44A1E89376BF8C2B320F /* Project object */ = {
			isa = PBXProject;
			attributes = {
				BuildIndependentTargetsInParallel = YES;
				LastUpgradeCheck = 1430;
				TargetAttributes = {
					254E6CD3CFEEA6DCF7804E5B = {
						DevelopmentTeam = QZ3D4MK87J;
					};
				};
			};
			buildConfigurationList = F18EC9012A6F4001A5360CE8 /* Build configuration list for PBXProject "Simple Playback" */;
			developmentRegion = en;
			hasScannedForEncodings = 0;
			knownRegions = (
				Base,
				en,
			);
			mainGroup = 2FF847F35B8B33E9C1790D62;
			minimizedProjectReferenceProxies = 1;
			packageReferences = (
				34C03226A738EABC9D494A05 /* XCRemoteSwiftPackageReference "Sparkle" */,
			);
			preferredProjectObjectVersion = 77;
			productRefGroup = 618081300A9C624D3B7A5428 /* Products */;
			projectDirPath = "";
			projectRoot = "";
			targets = (
				254E6CD3CFEEA6DCF7804E5B /* Simple Playback */,
				867D1334612645B439F74D61 /* Simple PlaybackTests */,
			);
		};
/* End PBXProject section */

/* Begin PBXResourcesBuildPhase section */
		3A4BDE390AF8A8B3478239F7 /* Resources */ = {
			isa = PBXResourcesBuildPhase;
			buildActionMask = 2147483647;
			files = (
				B69CE1461F740680651EFC39 /* AppIcon.icon in Resources */,
				7903F319F280ADCB53522EA0 /* Assets.xcassets in Resources */,
			);
			runOnlyForDeploymentPostprocessing = 0;
		};
/* End PBXResourcesBuildPhase section */

/* Begin PBXSourcesBuildPhase section */
		075A893A2C94E6CCA7FDD128 /* Sources */ = {
			isa = PBXSourcesBuildPhase;
			buildActionMask = 2147483647;
			files = (
				62CDF088556B0DAA473AC800 /* AudioPump.swift in Sources */,
				C9842DF5C4DF8FAA50B74011 /* DeckLinkBridge.mm in Sources */,
				4A94C48FF22B0552314D441E /* DeckLinkDiagnostics.swift in Sources */,
				DF9D9D2A7D5D102CC20FCD95 /* DeckLinkSDKDispatch.cpp in Sources */,
				5602C3EC7F566873E1629051 /* FrameRenderer.swift in Sources */,
				C02D1DDF70B419255097C42E /* InspectorView.swift in Sources */,
				A81F8D8813F0437F211EF445 /* MediaImporter.swift in Sources */,
				154CB32BBDF7469F91B49587 /* MediaModels.swift in Sources */,
				EAA4BC2642696555F131F8BE /* OutputPreviewView.swift in Sources */,
				1624805A1FF72880895DDB5A /* OutputStatusBar.swift in Sources */,
				28C1335FD15B6AE87DD31AB3 /* PlaybackController.swift in Sources */,
				020E6C3D173AD7E05AC7A15A /* RootView.swift in Sources */,
				4D7E6C165E984434FD9A4BB0 /* SPFrameBlend.c in Sources */,
				67765CD777AA4E30553D4126 /* SimplePlaybackApp.swift in Sources */,
				9525CC03694D231B2D50683E /* SimplePlaybackDocument.swift in Sources */,
				51CA5DA530C6B560FA1A7989 /* SimplePlaybackProjectDocument.swift in Sources */,
				3E21186036951CC387B69F2E /* SlideGridView.swift in Sources */,
				CF0020C246A6F8DF7BC4B6D6 /* VideoOutput.swift in Sources */,
			);
			runOnlyForDeploymentPostprocessing = 0;
		};
		2FABA73C4E6BEA67C640756E /* Sources */ = {
			isa = PBXSourcesBuildPhase;
			buildActionMask = 2147483647;
			files = (
				CC37F2E5CFC466A33AA98F58 /* ModelTests.swift in Sources */,
			);
			runOnlyForDeploymentPostprocessing = 0;
		};
/* End PBXSourcesBuildPhase section */

/* Begin PBXTargetDependency section */
		CBADD1E464D0DC34112E586D /* PBXTargetDependency */ = {
			isa = PBXTargetDependency;
			target = 254E6CD3CFEEA6DCF7804E5B /* Simple Playback */;
			targetProxy = 73C8F1D94F3EB8A84F20F999 /* PBXContainerItemProxy */;
		};
/* End PBXTargetDependency section */

/* Begin XCBuildConfiguration section */
		3007CD98B886F1B056459246 /* Debug */ = {
			isa = XCBuildConfiguration;
			buildSettings = {
				ASSETCATALOG_COMPILER_APPICON_NAME = AppIcon;
				CODE_SIGN_ENTITLEMENTS = "Simple Playback/Support/SimplePlayback.entitlements";
				COMBINE_HIDPI_IMAGES = YES;
				CURRENT_PROJECT_VERSION = 4;
				DEVELOPMENT_TEAM = QZ3D4MK87J;
				INFOPLIST_FILE = "Simple Playback/Support/Info.plist";
				LD_RUNPATH_SEARCH_PATHS = (
					"$(inherited)",
					"@executable_path/../Frameworks",
				);
				MARKETING_VERSION = 0.1.3;
				PRODUCT_BUNDLE_IDENTIFIER = com.josh.simpleplayback;
				PRODUCT_MODULE_NAME = Simple_Playback;
				PRODUCT_NAME = "Simple Playback";
				SDKROOT = macosx;
				SPARKLE_FEED_URL = "https://joshrogers117.github.io/simple-playback/appcast.xml";
				SPARKLE_PUBLIC_ED_KEY = "WwIwpidfq9zee0P+4LTuFvIY96vjEg1Tip37co2GZHM=";
				SWIFT_OBJC_BRIDGING_HEADER = "Simple Playback/Support/SimplePlayback-Bridging-Header.h";
			};
			name = Debug;
		};
		38B87759994CD0FD0821AC27 /* Release */ = {
			isa = XCBuildConfiguration;
			buildSettings = {
				ASSETCATALOG_COMPILER_APPICON_NAME = AppIcon;
				CODE_SIGN_ENTITLEMENTS = "Simple Playback/Support/SimplePlayback.entitlements";
				COMBINE_HIDPI_IMAGES = YES;
				CURRENT_PROJECT_VERSION = 4;
				DEVELOPMENT_TEAM = QZ3D4MK87J;
				ENABLE_HARDENED_RUNTIME = YES;
				INFOPLIST_FILE = "Simple Playback/Support/Info.plist";
				LD_RUNPATH_SEARCH_PATHS = (
					"$(inherited)",
					"@executable_path/../Frameworks",
				);
				MARKETING_VERSION = 0.1.3;
				PRODUCT_BUNDLE_IDENTIFIER = com.josh.simpleplayback;
				PRODUCT_MODULE_NAME = Simple_Playback;
				PRODUCT_NAME = "Simple Playback";
				SDKROOT = macosx;
				SPARKLE_FEED_URL = "https://joshrogers117.github.io/simple-playback/appcast.xml";
				SPARKLE_PUBLIC_ED_KEY = "WwIwpidfq9zee0P+4LTuFvIY96vjEg1Tip37co2GZHM=";
				SWIFT_OBJC_BRIDGING_HEADER = "Simple Playback/Support/SimplePlayback-Bridging-Header.h";
			};
			name = Release;
		};
		8373D4DFBB0DB3F5BA848B77 /* Release */ = {
			isa = XCBuildConfiguration;
			buildSettings = {
				ALWAYS_SEARCH_USER_PATHS = NO;
				CLANG_ANALYZER_NONNULL = YES;
				CLANG_ANALYZER_NUMBER_OBJECT_CONVERSION = YES_AGGRESSIVE;
				CLANG_CXX_LANGUAGE_STANDARD = "gnu++14";
				CLANG_CXX_LIBRARY = "libc++";
				CLANG_ENABLE_MODULES = YES;
				CLANG_ENABLE_OBJC_ARC = YES;
				CLANG_ENABLE_OBJC_WEAK = YES;
				CLANG_WARN_BLOCK_CAPTURE_AUTORELEASING = YES;
				CLANG_WARN_BOOL_CONVERSION = YES;
				CLANG_WARN_COMMA = YES;
				CLANG_WARN_CONSTANT_CONVERSION = YES;
				CLANG_WARN_DEPRECATED_OBJC_IMPLEMENTATIONS = YES;
				CLANG_WARN_DIRECT_OBJC_ISA_USAGE = YES_ERROR;
				CLANG_WARN_DOCUMENTATION_COMMENTS = YES;
				CLANG_WARN_EMPTY_BODY = YES;
				CLANG_WARN_ENUM_CONVERSION = YES;
				CLANG_WARN_INFINITE_RECURSION = YES;
				CLANG_WARN_INT_CONVERSION = YES;
				CLANG_WARN_NON_LITERAL_NULL_CONVERSION = YES;
				CLANG_WARN_OBJC_IMPLICIT_RETAIN_SELF = YES;
				CLANG_WARN_OBJC_LITERAL_CONVERSION = YES;
				CLANG_WARN_OBJC_ROOT_CLASS = YES_ERROR;
				CLANG_WARN_QUOTED_INCLUDE_IN_FRAMEWORK_HEADER = YES;
				CLANG_WARN_RANGE_LOOP_ANALYSIS = YES;
				CLANG_WARN_STRICT_PROTOTYPES = YES;
				CLANG_WARN_SUSPICIOUS_MOVE = YES;
				CLANG_WARN_UNGUARDED_AVAILABILITY = YES_AGGRESSIVE;
				CLANG_WARN_UNREACHABLE_CODE = YES;
				CLANG_WARN__DUPLICATE_METHOD_MATCH = YES;
				COPY_PHASE_STRIP = NO;
				DEBUG_INFORMATION_FORMAT = "dwarf-with-dsym";
				ENABLE_NS_ASSERTIONS = NO;
				ENABLE_STRICT_OBJC_MSGSEND = YES;
				GCC_C_LANGUAGE_STANDARD = gnu11;
				GCC_NO_COMMON_BLOCKS = YES;
				GCC_WARN_64_TO_32_BIT_CONVERSION = YES;
				GCC_WARN_ABOUT_RETURN_TYPE = YES_ERROR;
				GCC_WARN_UNDECLARED_SELECTOR = YES;
				GCC_WARN_UNINITIALIZED_AUTOS = YES_AGGRESSIVE;
				GCC_WARN_UNUSED_FUNCTION = YES;
				GCC_WARN_UNUSED_VARIABLE = YES;
				MACOSX_DEPLOYMENT_TARGET = 26.0;
				MTL_ENABLE_DEBUG_INFO = NO;
				MTL_FAST_MATH = YES;
				PRODUCT_NAME = "$(TARGET_NAME)";
				SDKROOT = macosx;
				SWIFT_COMPILATION_MODE = wholemodule;
				SWIFT_OPTIMIZATION_LEVEL = "-O";
				SWIFT_STRICT_CONCURRENCY = minimal;
				SWIFT_VERSION = 5.0;
			};
			name = Release;
		};
		F36153E1DF0775629A131DAD /* Debug */ = {
			isa = XCBuildConfiguration;
			buildSettings = {
				ALWAYS_SEARCH_USER_PATHS = NO;
				CLANG_ANALYZER_NONNULL = YES;
				CLANG_ANALYZER_NUMBER_OBJECT_CONVERSION = YES_AGGRESSIVE;
				CLANG_CXX_LANGUAGE_STANDARD = "gnu++14";
				CLANG_CXX_LIBRARY = "libc++";
				CLANG_ENABLE_MODULES = YES;
				CLANG_ENABLE_OBJC_ARC = YES;
				CLANG_ENABLE_OBJC_WEAK = YES;
				CLANG_WARN_BLOCK_CAPTURE_AUTORELEASING = YES;
				CLANG_WARN_BOOL_CONVERSION = YES;
				CLANG_WARN_COMMA = YES;
				CLANG_WARN_CONSTANT_CONVERSION = YES;
				CLANG_WARN_DEPRECATED_OBJC_IMPLEMENTATIONS = YES;
				CLANG_WARN_DIRECT_OBJC_ISA_USAGE = YES_ERROR;
				CLANG_WARN_DOCUMENTATION_COMMENTS = YES;
				CLANG_WARN_EMPTY_BODY = YES;
				CLANG_WARN_ENUM_CONVERSION = YES;
				CLANG_WARN_INFINITE_RECURSION = YES;
				CLANG_WARN_INT_CONVERSION = YES;
				CLANG_WARN_NON_LITERAL_NULL_CONVERSION = YES;
				CLANG_WARN_OBJC_IMPLICIT_RETAIN_SELF = YES;
				CLANG_WARN_OBJC_LITERAL_CONVERSION = YES;
				CLANG_WARN_OBJC_ROOT_CLASS = YES_ERROR;
				CLANG_WARN_QUOTED_INCLUDE_IN_FRAMEWORK_HEADER = YES;
				CLANG_WARN_RANGE_LOOP_ANALYSIS = YES;
				CLANG_WARN_STRICT_PROTOTYPES = YES;
				CLANG_WARN_SUSPICIOUS_MOVE = YES;
				CLANG_WARN_UNGUARDED_AVAILABILITY = YES_AGGRESSIVE;
				CLANG_WARN_UNREACHABLE_CODE = YES;
				CLANG_WARN__DUPLICATE_METHOD_MATCH = YES;
				COPY_PHASE_STRIP = NO;
				DEBUG_INFORMATION_FORMAT = dwarf;
				ENABLE_STRICT_OBJC_MSGSEND = YES;
				ENABLE_TESTABILITY = YES;
				GCC_C_LANGUAGE_STANDARD = gnu11;
				GCC_DYNAMIC_NO_PIC = NO;
				GCC_NO_COMMON_BLOCKS = YES;
				GCC_OPTIMIZATION_LEVEL = 0;
				GCC_PREPROCESSOR_DEFINITIONS = (
					"$(inherited)",
					"DEBUG=1",
				);
				GCC_WARN_64_TO_32_BIT_CONVERSION = YES;
				GCC_WARN_ABOUT_RETURN_TYPE = YES_ERROR;
				GCC_WARN_UNDECLARED_SELECTOR = YES;
				GCC_WARN_UNINITIALIZED_AUTOS = YES_AGGRESSIVE;
				GCC_WARN_UNUSED_FUNCTION = YES;
				GCC_WARN_UNUSED_VARIABLE = YES;
				MACOSX_DEPLOYMENT_TARGET = 26.0;
				MTL_ENABLE_DEBUG_INFO = INCLUDE_SOURCE;
				MTL_FAST_MATH = YES;
				ONLY_ACTIVE_ARCH = YES;
				PRODUCT_NAME = "$(TARGET_NAME)";
				SDKROOT = macosx;
				SWIFT_ACTIVE_COMPILATION_CONDITIONS = DEBUG;
				SWIFT_OPTIMIZATION_LEVEL = "-Onone";
				SWIFT_STRICT_CONCURRENCY = minimal;
				SWIFT_VERSION = 5.0;
			};
			name = Debug;
		};
		F722B52F8B80E0D3334EA524 /* Release */ = {
			isa = XCBuildConfiguration;
			buildSettings = {
				BUNDLE_LOADER = "$(TEST_HOST)";
				COMBINE_HIDPI_IMAGES = YES;
				GENERATE_INFOPLIST_FILE = YES;
				LD_RUNPATH_SEARCH_PATHS = (
					"$(inherited)",
					"@executable_path/../Frameworks",
					"@loader_path/../Frameworks",
				);
				PRODUCT_BUNDLE_IDENTIFIER = com.josh.simpleplayback.tests;
				PRODUCT_MODULE_NAME = Simple_PlaybackTests;
				SDKROOT = macosx;
				TEST_HOST = "$(BUILT_PRODUCTS_DIR)/Simple Playback.app/Contents/MacOS/Simple Playback";
			};
			name = Release;
		};
		FA48B2A4066F0D0DB38A8AFB /* Debug */ = {
			isa = XCBuildConfiguration;
			buildSettings = {
				BUNDLE_LOADER = "$(TEST_HOST)";
				COMBINE_HIDPI_IMAGES = YES;
				GENERATE_INFOPLIST_FILE = YES;
				LD_RUNPATH_SEARCH_PATHS = (
					"$(inherited)",
					"@executable_path/../Frameworks",
					"@loader_path/../Frameworks",
				);
				PRODUCT_BUNDLE_IDENTIFIER = com.josh.simpleplayback.tests;
				PRODUCT_MODULE_NAME = Simple_PlaybackTests;
				SDKROOT = macosx;
				TEST_HOST = "$(BUILT_PRODUCTS_DIR)/Simple Playback.app/Contents/MacOS/Simple Playback";
			};
			name = Debug;
		};
/* End XCBuildConfiguration section */

/* Begin XCConfigurationList section */
		961D6268C048175B110823BF /* Build configuration list for PBXNativeTarget "Simple PlaybackTests" */ = {
			isa = XCConfigurationList;
			buildConfigurations = (
				FA48B2A4066F0D0DB38A8AFB /* Debug */,
				F722B52F8B80E0D3334EA524 /* Release */,
			);
			defaultConfigurationIsVisible = 0;
			defaultConfigurationName = Debug;
		};
		D04341920E2699469CCD5B32 /* Build configuration list for PBXNativeTarget "Simple Playback" */ = {
			isa = XCConfigurationList;
			buildConfigurations = (
				3007CD98B886F1B056459246 /* Debug */,
				38B87759994CD0FD0821AC27 /* Release */,
			);
			defaultConfigurationIsVisible = 0;
			defaultConfigurationName = Debug;
		};
		F18EC9012A6F4001A5360CE8 /* Build configuration list for PBXProject "Simple Playback" */ = {
			isa = XCConfigurationList;
			buildConfigurations = (
				F36153E1DF0775629A131DAD /* Debug */,
				8373D4DFBB0DB3F5BA848B77 /* Release */,
			);
			defaultConfigurationIsVisible = 0;
			defaultConfigurationName = Debug;
		};
/* End XCConfigurationList section */

/* Begin XCRemoteSwiftPackageReference section */
		34C03226A738EABC9D494A05 /* XCRemoteSwiftPackageReference "Sparkle" */ = {
			isa = XCRemoteSwiftPackageReference;
			repositoryURL = "https://github.com/sparkle-project/Sparkle";
			requirement = {
				kind = upToNextMajorVersion;
				minimumVersion = 2.9.1;
			};
		};
/* End XCRemoteSwiftPackageReference section */

/* Begin XCSwiftPackageProductDependency section */
		4213C51E238E88088B4700FC /* Sparkle */ = {
			isa = XCSwiftPackageProductDependency;
			package = 34C03226A738EABC9D494A05 /* XCRemoteSwiftPackageReference "Sparkle" */;
			productName = Sparkle;
		};
/* End XCSwiftPackageProductDependency section */
	};
	rootObject = 761E44A1E89376BF8C2B320F /* Project object */;
}
