// !$*UTF8*$!
{
	archiveVersion = 1;
	classes = {
	};
	objectVersion = 77;
	objects = {

/* Begin PBXBuildFile section */
		00EC3572563AA2E459F2489F /* ShowControlTests.swift in Sources */ = {isa = PBXBuildFile; fileRef = 237C1358E779CC8F8EBA839E /* ShowControlTests.swift */; };
		020E6C3D173AD7E05AC7A15A /* RootView.swift in Sources */ = {isa = PBXBuildFile; fileRef = 213CB5AEDC97C0942C10558F /* RootView.swift */; };
		021F737CF297A4C99FD6FBE7 /* LateTakeDetectorTests.swift in Sources */ = {isa = PBXBuildFile; fileRef = 3253B3FD3FAC0C281019B377 /* LateTakeDetectorTests.swift */; };
		02967ABCE0AAFA316D52DA49 /* AutosaveCheckpointer.swift in Sources */ = {isa = PBXBuildFile; fileRef = 18F5B52C774E8E6CC0899D9C /* AutosaveCheckpointer.swift */; };
		02E7848C2C617A208282F42A /* OSCMessage.swift in Sources */ = {isa = PBXBuildFile; fileRef = 473B7534956D23833D7E61BD /* OSCMessage.swift */; };
		05124FD2A6536D48F63AD2C9 /* AddFolderImporter.swift in Sources */ = {isa = PBXBuildFile; fileRef = 8C41349B62BEDC6D03ED0DA6 /* AddFolderImporter.swift */; };
		0591BDE7845DD83E323D1CC1 /* EnergyAssertion.swift in Sources */ = {isa = PBXBuildFile; fileRef = 32E04427E697B0F4238C1C4C /* EnergyAssertion.swift */; };
		05B0542CB3BD8AC9F77CEDFA /* OutputStatusBarTests.swift in Sources */ = {isa = PBXBuildFile; fileRef = 0A0971F0E4FF56FD74F21EC0 /* OutputStatusBarTests.swift */; };
		0B40A9AB324314B9E303FC69 /* LateTakeDetector.swift in Sources */ = {isa = PBXBuildFile; fileRef = 36644DFC532BA927F6C827DA /* LateTakeDetector.swift */; };
		0DC6F58F420AAD20BD0336A5 /* MediaImportFailure.swift in Sources */ = {isa = PBXBuildFile; fileRef = 2762065E2D1FE5D3F052F8FF /* MediaImportFailure.swift */; };
		0F2D0CF9F6B7620C44F4BFDA /* EnergyAssertionTests.swift in Sources */ = {isa = PBXBuildFile; fileRef = B09A6E0D2794272C8FBB0987 /* EnergyAssertionTests.swift */; };
		0F6668050A5A92F167EDBDE6 /* AssetFingerprinter.swift in Sources */ = {isa = PBXBuildFile; fileRef = 6A836746B1484C724C362CAE /* AssetFingerprinter.swift */; };
		11107495CED0238B67C8D7AC /* ShowControlStack.swift in Sources */ = {isa = PBXBuildFile; fileRef = 6023F5FCD12A96AE5EAD4313 /* ShowControlStack.swift */; };
		11F48F224E2E07F3A2CD4894 /* BonjourPublisher.swift in Sources */ = {isa = PBXBuildFile; fileRef = 0ACFD5B151F32CFDFFECCB68 /* BonjourPublisher.swift */; };
		1347EF040A9255D95C7A5C1A /* BundleForTravelPlan.swift in Sources */ = {isa = PBXBuildFile; fileRef = 959E8FA27281A1515AEF705C /* BundleForTravelPlan.swift */; };
		154CB32BBDF7469F91B49587 /* MediaModels.swift in Sources */ = {isa = PBXBuildFile; fileRef = 569A548ECCAC07CC9E9B92D2 /* MediaModels.swift */; };
		1624805A1FF72880895DDB5A /* OutputStatusBar.swift in Sources */ = {isa = PBXBuildFile; fileRef = 27589625C8FC5B053A3F725C /* OutputStatusBar.swift */; };
		1B0E8B82E949A483E4B42B8A /* MediaFlagsInspector.swift in Sources */ = {isa = PBXBuildFile; fileRef = BD3490C4BA5C4A09BDBF9415 /* MediaFlagsInspector.swift */; };
		1B306FF235F130F47D674A1E /* ShowControllerDroppedFrameLogTests.swift in Sources */ = {isa = PBXBuildFile; fileRef = 584B35FFA22C0473DD0D81CB /* ShowControllerDroppedFrameLogTests.swift */; };
		1BEEEFB78A25573C4443FFD0 /* DebouncerTests.swift in Sources */ = {isa = PBXBuildFile; fileRef = 1E692236531010FF9478D341 /* DebouncerTests.swift */; };
		1D2DA3CD426E79C87480A852 /* AutosaveCheckpointerTests.swift in Sources */ = {isa = PBXBuildFile; fileRef = F0336D644737BA64EE43F017 /* AutosaveCheckpointerTests.swift */; };
		1EC3502B7A2008F401A9D081 /* BundleForTravelPlanTests.swift in Sources */ = {isa = PBXBuildFile; fileRef = BBA2DABFD5EE282A4CC471FC /* BundleForTravelPlanTests.swift */; };
		1FA47C61D92B5CF6AFD91783 /* LTCDecoder.swift in Sources */ = {isa = PBXBuildFile; fileRef = 0AAABB8C041A4E6DF8BE8685 /* LTCDecoder.swift */; };
		2251CDA73663DEF75FE4A3BE /* MediaImporterFolderBookmarkTests.swift in Sources */ = {isa = PBXBuildFile; fileRef = 0C5D785F3003D2ACB7542065 /* MediaImporterFolderBookmarkTests.swift */; };
		265DF5E6C31354A2496F13C9 /* FilmstripCoordinator.swift in Sources */ = {isa = PBXBuildFile; fileRef = 4C464E7C3A355CB93D5C25FC /* FilmstripCoordinator.swift */; };
		27C597830A79418BECCDFEC6 /* ShowControlHub.swift in Sources */ = {isa = PBXBuildFile; fileRef = 474A0C6ABB641B1CA5416495 /* ShowControlHub.swift */; };
		2802ED3F9310BC405ED40764 /* AnimatedImageInspectorTests.swift in Sources */ = {isa = PBXBuildFile; fileRef = F13F77220235167A2E3CF142 /* AnimatedImageInspectorTests.swift */; };
		28C1335FD15B6AE87DD31AB3 /* PlaybackController.swift in Sources */ = {isa = PBXBuildFile; fileRef = 8A5E1B676CDA189E4C8C26CB /* PlaybackController.swift */; };
		29BC354B34D369ED5CFB52AB /* MediaResolver.swift in Sources */ = {isa = PBXBuildFile; fileRef = 565CD1F5339683D2539E806C /* MediaResolver.swift */; };
		2AE84FFB58E06C9A60B6C982 /* TransportSinks.swift in Sources */ = {isa = PBXBuildFile; fileRef = 63903ACF2604D9E2128B0F6C /* TransportSinks.swift */; };
		2E5DF9B07AD9660C0E9C3509 /* MissingMediaBannerView.swift in Sources */ = {isa = PBXBuildFile; fileRef = 1081E23773E064CD4085FF88 /* MissingMediaBannerView.swift */; };
		2E94C7044EE3CF2C00F39C69 /* ShowController.swift in Sources */ = {isa = PBXBuildFile; fileRef = 87395AF6ACFB3496B47EFFB3 /* ShowController.swift */; };
		2EA37A6EB9345C916205962D /* ImageSequenceEncoderTests.swift in Sources */ = {isa = PBXBuildFile; fileRef = 06A94FE5F5AA25EE58FF77A3 /* ImageSequenceEncoderTests.swift */; };
		2EDFAB97F7CA5EA4D43BA531 /* MediaReferenceTests.swift in Sources */ = {isa = PBXBuildFile; fileRef = F6165CF8D46336C43A3A1AD5 /* MediaReferenceTests.swift */; };
		307853A947C458651756A1C8 /* AssetLibraryProbeTests.swift in Sources */ = {isa = PBXBuildFile; fileRef = 64770F5436DE8DAF65E696DF /* AssetLibraryProbeTests.swift */; };
		3521635B244D202E961AE299 /* AssetLibraryProbe.swift in Sources */ = {isa = PBXBuildFile; fileRef = D6A8BE27C4F2CAA54E827EC3 /* AssetLibraryProbe.swift */; };
		388AA05ED53476DBD72A4554 /* DroppedFrameCounter.swift in Sources */ = {isa = PBXBuildFile; fileRef = A4758CF8E9891007D793354E /* DroppedFrameCounter.swift */; };
		3D1CF70C2CF630DC443A79BF /* BundleForTravelCoordinator.swift in Sources */ = {isa = PBXBuildFile; fileRef = 3A0938EC4100E4EC1F247B73 /* BundleForTravelCoordinator.swift */; };
		3E21186036951CC387B69F2E /* SlideGridView.swift in Sources */ = {isa = PBXBuildFile; fileRef = 75B620D6408556D32380C918 /* SlideGridView.swift */; };
		42289D3F33304D521AADB51B /* ImageSequenceDetector.swift in Sources */ = {isa = PBXBuildFile; fileRef = 6FD2EFC1C287DD9480AF2D2F /* ImageSequenceDetector.swift */; };
		4402C1426C53FCDF22C994A6 /* TakeHistory.swift in Sources */ = {isa = PBXBuildFile; fileRef = F70C941729E2A67C95AD9886 /* TakeHistory.swift */; };
		444F0C09FE4E2C90D210DE4A /* SlideGridViewThumbnailFallbackTests.swift in Sources */ = {isa = PBXBuildFile; fileRef = 25E49DE589201558F6BF9431 /* SlideGridViewThumbnailFallbackTests.swift */; };
		44680BAE91E13A1BAFC098DC /* MediaResolverTests.swift in Sources */ = {isa = PBXBuildFile; fileRef = 468656BDF709EEBAD0CE9B9F /* MediaResolverTests.swift */; };
		446ACE51C8F85BB761074619 /* PDFImporterTests.swift in Sources */ = {isa = PBXBuildFile; fileRef = B631D588B2455E3C2C9EE89C /* PDFImporterTests.swift */; };
		44E0E08A26F3691D8E7A2C44 /* AuthTokenStore.swift in Sources */ = {isa = PBXBuildFile; fileRef = DBA2A137EBDAA8855CAA24A2 /* AuthTokenStore.swift */; };
		4536CC9B693175B1A31F6425 /* OverlayInspectorView.swift in Sources */ = {isa = PBXBuildFile; fileRef = 2B85E5A857820D320657302C /* OverlayInspectorView.swift */; };
		4552EA56AF59686AE3373E66 /* TranscodeServiceTests.swift in Sources */ = {isa = PBXBuildFile; fileRef = 9A70EA9D270E7268A7C74D62 /* TranscodeServiceTests.swift */; };
		458E7CD285F738A458DE28C1 /* AudioDeviceProbeTests.swift in Sources */ = {isa = PBXBuildFile; fileRef = 6BF01B25D49F0D899EA2AE22 /* AudioDeviceProbeTests.swift */; };
		467C57350783EEECC0DC7DFE /* KeynoteImporter.swift in Sources */ = {isa = PBXBuildFile; fileRef = D2A8691862AC8AE01B87203D /* KeynoteImporter.swift */; };
		46F067BBC06E93A8F2D556E9 /* ImportStatusBannerTests.swift in Sources */ = {isa = PBXBuildFile; fileRef = B133348CF010D337CDA988A0 /* ImportStatusBannerTests.swift */; };
		497003F120EE87DE50995F6E /* AddFolderImporterTests.swift in Sources */ = {isa = PBXBuildFile; fileRef = 0989D3568265E79CF99893F5 /* AddFolderImporterTests.swift */; };
		4986A9905EB62FFA630409BD /* MediaFlags.swift in Sources */ = {isa = PBXBuildFile; fileRef = 93004BE1F2BECBBF122DB00C /* MediaFlags.swift */; };
		4A94C48FF22B0552314D441E /* DeckLinkDiagnostics.swift in Sources */ = {isa = PBXBuildFile; fileRef = CF97362F36D6ED17D41359D2 /* DeckLinkDiagnostics.swift */; };
		4ADA7C0AFB853BAE909A2382 /* ProjectLockFileTests.swift in Sources */ = {isa = PBXBuildFile; fileRef = 94369DD345B9DD7E2DEC1F0E /* ProjectLockFileTests.swift */; };
		4C060BE294B7C9A97DBA4FBE /* FrameRateConformanceTests.swift in Sources */ = {isa = PBXBuildFile; fileRef = 22C8342BEF86901A52B41C81 /* FrameRateConformanceTests.swift */; };
		4D7E6C165E984434FD9A4BB0 /* SPFrameBlend.c in Sources */ = {isa = PBXBuildFile; fileRef = 4FFDD7785740559EEB94F4CA /* SPFrameBlend.c */; };
		4DFBDAF88FE91DFD25465621 /* MediaImporterThumbnailTests.swift in Sources */ = {isa = PBXBuildFile; fileRef = 0B48466BEBD802E32083CC7A /* MediaImporterThumbnailTests.swift */; };
		51CA5DA530C6B560FA1A7989 /* SimplePlaybackProjectDocument.swift in Sources */ = {isa = PBXBuildFile; fileRef = BAB740EFC960FD945A655941 /* SimplePlaybackProjectDocument.swift */; };
		521136DC8B0B2D5FFF8C7474 /* PreShowCheckAdapters.swift in Sources */ = {isa = PBXBuildFile; fileRef = 0781CD54E510EE56EFE80A9D /* PreShowCheckAdapters.swift */; };
		524250895D1631045605F062 /* FilmstripGeneratorTests.swift in Sources */ = {isa = PBXBuildFile; fileRef = 55CBCF96BB663B7A4A87D0D5 /* FilmstripGeneratorTests.swift */; };
		54A9764CA77C6FE799CDDC71 /* WebSocketFrame.swift in Sources */ = {isa = PBXBuildFile; fileRef = 93727D6450DEE3ED3934DA97 /* WebSocketFrame.swift */; };
		54CEA8F876D2A59653C1D8EE /* Sparkle in Frameworks */ = {isa = PBXBuildFile; productRef = 4213C51E238E88088B4700FC /* Sparkle */; };
		54E5A1988F51C1AE8DE5B42A /* StateSnapshotEncoder.swift in Sources */ = {isa = PBXBuildFile; fileRef = A13557C5F98007D62499B140 /* StateSnapshotEncoder.swift */; };
		54F7E3B014546AF5E82195C5 /* MediaImporterKeynoteTests.swift in Sources */ = {isa = PBXBuildFile; fileRef = 4938DA35785910BBFF3391DD /* MediaImporterKeynoteTests.swift */; };
		558FCEAA96967C99AA776C3F /* Debouncer.swift in Sources */ = {isa = PBXBuildFile; fileRef = BFFF4C270918BFE5D70A374A /* Debouncer.swift */; };
		5602C3EC7F566873E1629051 /* FrameRenderer.swift in Sources */ = {isa = PBXBuildFile; fileRef = A45B0A7CB7DDDC72B747F7C8 /* FrameRenderer.swift */; };
		5B7913C72F3E6AF0B894DE59 /* CueRuntime.swift in Sources */ = {isa = PBXBuildFile; fileRef = FD749649E2DEED56E2B8C243 /* CueRuntime.swift */; };
		5B885964A9D26E13264F5D97 /* ShowLogView.swift in Sources */ = {isa = PBXBuildFile; fileRef = 332208860C29B553E0BE52D0 /* ShowLogView.swift */; };
		5C9AA927729B5E81ECC08170 /* MissingMediaBannerViewTests.swift in Sources */ = {isa = PBXBuildFile; fileRef = 80E043D10C05A45834D8AF3A /* MissingMediaBannerViewTests.swift */; };
		5F75B62542F32AC37D1B4259 /* MediaImporterPDFTests.swift in Sources */ = {isa = PBXBuildFile; fileRef = A62C4E147CCC6686312E0815 /* MediaImporterPDFTests.swift */; };
		606D52F6D2E3F0F49B4DD22E /* ShowControlDispatcher.swift in Sources */ = {isa = PBXBuildFile; fileRef = 70B339087E0F91F6B7504F6D /* ShowControlDispatcher.swift */; };
		60D24C84B7A425B9412B95C9 /* CompositorPipeline.swift in Sources */ = {isa = PBXBuildFile; fileRef = 3901F80946826E57A5B02934 /* CompositorPipeline.swift */; };
		61B1311538DACF01A1A47603 /* FrameRateConformance.swift in Sources */ = {isa = PBXBuildFile; fileRef = 1C201B22E860FB94D92CA433 /* FrameRateConformance.swift */; };
		62CDF088556B0DAA473AC800 /* AudioPump.swift in Sources */ = {isa = PBXBuildFile; fileRef = 3906CB66B7CA3652EABFE931 /* AudioPump.swift */; };
		655E09E45B901966E302A824 /* ShowControllerLateTakeLogTests.swift in Sources */ = {isa = PBXBuildFile; fileRef = 895675B96A46871F5FABD3B8 /* ShowControllerLateTakeLogTests.swift */; };
		66B172846E254E8FCC806D8B /* TranscodeCoordinatorTests.swift in Sources */ = {isa = PBXBuildFile; fileRef = 633EE3FAB29225F6222E52AB /* TranscodeCoordinatorTests.swift */; };
		67058819C3FE046151E4BCAD /* SubscriptionRegistry.swift in Sources */ = {isa = PBXBuildFile; fileRef = 206A8DDCD4F82FF85D3587EC /* SubscriptionRegistry.swift */; };
		67765CD777AA4E30553D4126 /* SimplePlaybackApp.swift in Sources */ = {isa = PBXBuildFile; fileRef = ECEAD362FE5313C14713663D /* SimplePlaybackApp.swift */; };
		6AE31265A9E2FB712498B867 /* BundleForTravelCoordinatorTests.swift in Sources */ = {isa = PBXBuildFile; fileRef = 733E939A782AEA845A2B7F10 /* BundleForTravelCoordinatorTests.swift */; };
		6B7B4C3468690A6CA15DBD56 /* OSCAddressMap.swift in Sources */ = {isa = PBXBuildFile; fileRef = 00712F270D3EB78020694E87 /* OSCAddressMap.swift */; };
		6F6A42339FF9969C2E1E73C2 /* PDFKit.framework in Frameworks */ = {isa = PBXBuildFile; fileRef = 3A471C6C5C78FE638539C5C7 /* PDFKit.framework */; };
		71A74B61F50A3AAF221FC2C2 /* DroppedFrameCounterTests.swift in Sources */ = {isa = PBXBuildFile; fileRef = 532651899A2D97DB1134F636 /* DroppedFrameCounterTests.swift */; };
		725E4C99746B6B0CB8EB5A55 /* AssetRelinkPlan.swift in Sources */ = {isa = PBXBuildFile; fileRef = A48741BAA260FA2E3B3E93ED /* AssetRelinkPlan.swift */; };
		730DC9B890EBCCA703C2E2CF /* TakeHistoryTests.swift in Sources */ = {isa = PBXBuildFile; fileRef = 8E99FC3B24835175EF3BD62E /* TakeHistoryTests.swift */; };
		73DBCDAA4262F2AFB8237FC4 /* MTCReader.swift in Sources */ = {isa = PBXBuildFile; fileRef = AFB3106A106C37E4EE56BC7E /* MTCReader.swift */; };
		7903F319F280ADCB53522EA0 /* Assets.xcassets in Resources */ = {isa = PBXBuildFile; fileRef = 9E5D5CE935540C98B6BAAAEF /* Assets.xcassets */; };
		7B00B494199CCC3043F2B607 /* FolderBookmarkTests.swift in Sources */ = {isa = PBXBuildFile; fileRef = 42A7161E143DF74B913CE363 /* FolderBookmarkTests.swift */; };
		7C4BF6FFFDA26DABFDAB1DD9 /* BundleForTravelSheet.swift in Sources */ = {isa = PBXBuildFile; fileRef = D38F9625D50B1A0F19983F41 /* BundleForTravelSheet.swift */; };
		7D6E9D5D91681AA09335F8F9 /* HTTPServer.swift in Sources */ = {isa = PBXBuildFile; fileRef = 7B4EF3D125520DB5F0C1F703 /* HTTPServer.swift */; };
		851AE7644559671FB09FD2BD /* ShowControlIntegrationTests.swift in Sources */ = {isa = PBXBuildFile; fileRef = 0E47E51BD45087956CCF2905 /* ShowControlIntegrationTests.swift */; };
		860485EB83C52AF7C3E0AC37 /* MediaImporterFilmstripTests.swift in Sources */ = {isa = PBXBuildFile; fileRef = 44FE6246D0C933DEF915F45A /* MediaImporterFilmstripTests.swift */; };
		873129B7192207BD8E22D111 /* ImportStatusBanner.swift in Sources */ = {isa = PBXBuildFile; fileRef = 41F6421D7CBD102AC8875CC6 /* ImportStatusBanner.swift */; };
		875D909F07AAF19E396A7C69 /* AddFolderImportSheet.swift in Sources */ = {isa = PBXBuildFile; fileRef = BAB7AC40249EC7B2A4951E24 /* AddFolderImportSheet.swift */; };
		882EA1E29B7F55A0467B7A44 /* ProjectLockFile.swift in Sources */ = {isa = PBXBuildFile; fileRef = C80C047EF3A91E748BF5DB47 /* ProjectLockFile.swift */; };
		8A66CC19DA499B41975B8B51 /* ThumbnailGenerator.swift in Sources */ = {isa = PBXBuildFile; fileRef = 2EC27D99E4F7116EE8C011D1 /* ThumbnailGenerator.swift */; };
		8BD2A352FC9B61303CA55D19 /* ShowControllerLogTests.swift in Sources */ = {isa = PBXBuildFile; fileRef = DBE4B045C1C58A97ED08C4B9 /* ShowControllerLogTests.swift */; };
		8E0250619812CB053444052C /* OSCServer.swift in Sources */ = {isa = PBXBuildFile; fileRef = BBBA363D1C04A7119011031E /* OSCServer.swift */; };
		91592F7DACBD58D4C6BBE0F2 /* HTTPRoutes.swift in Sources */ = {isa = PBXBuildFile; fileRef = 01C17ADD674250609276D8A4 /* HTTPRoutes.swift */; };
		9293FC94ADE051275861BFE8 /* AVKit.framework in Frameworks */ = {isa = PBXBuildFile; fileRef = 92D6FAD99797FC3C21DA725E /* AVKit.framework */; };
		92C91C709C683B4675395127 /* KeynoteImporterTests.swift in Sources */ = {isa = PBXBuildFile; fileRef = 38F7D1388C31CB5FF57645DA /* KeynoteImporterTests.swift */; };
		9525CC03694D231B2D50683E /* SimplePlaybackDocument.swift in Sources */ = {isa = PBXBuildFile; fileRef = 29F9DCDACFB1E27A47F7D0DE /* SimplePlaybackDocument.swift */; };
		9693BB1ACC35C9F34674A4A2 /* Timecode.swift in Sources */ = {isa = PBXBuildFile; fileRef = C0BC03657660E157633D31C6 /* Timecode.swift */; };
		976DD722059E40449CB77621 /* ShowControlActions.swift in Sources */ = {isa = PBXBuildFile; fileRef = 6CD51FEB5E50862496E8A6BA /* ShowControlActions.swift */; };
		9877245F6768C2BD0B636B31 /* ShowLog.swift in Sources */ = {isa = PBXBuildFile; fileRef = AE5337B42A540319366F02D3 /* ShowLog.swift */; };
		99869A4B8562CD2A2D1A69B5 /* ProjectLockControllerTests.swift in Sources */ = {isa = PBXBuildFile; fileRef = 7207C062BAE86A22C6BC8983 /* ProjectLockControllerTests.swift */; };
		9AE825B362AF4C86B1F012C2 /* AssetFingerprinterTests.swift in Sources */ = {isa = PBXBuildFile; fileRef = 84A7FA109AFD06BDF513E0D8 /* AssetFingerprinterTests.swift */; };
		9E2452F0AAD43DAC0C2D0955 /* FilmstripCoordinatorTests.swift in Sources */ = {isa = PBXBuildFile; fileRef = 0054C1DB191C23C6138BCACC /* FilmstripCoordinatorTests.swift */; };
		9F685F50F961D73764497CED /* TransportSinkTests.swift in Sources */ = {isa = PBXBuildFile; fileRef = 24668879F6BB6C3E4ED2C3F5 /* TransportSinkTests.swift */; };
		A0C4E2AC793B8B206E6F7128 /* PreShowCheckFixHandlersTests.swift in Sources */ = {isa = PBXBuildFile; fileRef = F69D8058E585303C53CD3E3F /* PreShowCheckFixHandlersTests.swift */; };
		A34CA8E22BA04CC530DD0597 /* LTCReader.swift in Sources */ = {isa = PBXBuildFile; fileRef = 934A545F270968E04F027F8B /* LTCReader.swift */; };
		A3AB1482852991975ACD5B1E /* PlaybackControllerCueFireTests.swift in Sources */ = {isa = PBXBuildFile; fileRef = 50C07D5C65BD28D34CB0463D /* PlaybackControllerCueFireTests.swift */; };
		A495088FE7143EE70B129749 /* CrashRecoveryDetectorTests.swift in Sources */ = {isa = PBXBuildFile; fileRef = 28F1823003EC72E1D46610F5 /* CrashRecoveryDetectorTests.swift */; };
		A73BB158118BD8B447BB9015 /* AudioDeviceProbe.swift in Sources */ = {isa = PBXBuildFile; fileRef = 9FC38AB74DB5321128E72E79 /* AudioDeviceProbe.swift */; };
		A73C56A196D7FCFABC2C00F2 /* ShowListView.swift in Sources */ = {isa = PBXBuildFile; fileRef = 4040F3064AA861BCD17050FB /* ShowListView.swift */; };
		A81F8D8813F0437F211EF445 /* MediaImporter.swift in Sources */ = {isa = PBXBuildFile; fileRef = B328F432BC7CCB991A9A8373 /* MediaImporter.swift */; };
		ABA983A9D89AD460EE548AF4 /* TransportSink.swift in Sources */ = {isa = PBXBuildFile; fileRef = B9392E6B9D0468959B74A1F9 /* TransportSink.swift */; };
		AC4ED3FB70B05A49DBA8AA3A /* StageScreen.swift in Sources */ = {isa = PBXBuildFile; fileRef = E9305D229FBA3B8EC6854577 /* StageScreen.swift */; };
		AD31546ACCAED84FF1D140D4 /* HTTPRequest.swift in Sources */ = {isa = PBXBuildFile; fileRef = 189C4C83922BF987A389D797 /* HTTPRequest.swift */; };
		B015D4752B6E1E5FFA06DC29 /* ShowLogFilterTests.swift in Sources */ = {isa = PBXBuildFile; fileRef = B29CDDBD1A7CD4394C852378 /* ShowLogFilterTests.swift */; };
		B0198B8CBF5D9D7897AFAF9F /* PendingFolderImportTests.swift in Sources */ = {isa = PBXBuildFile; fileRef = 6084981086D7D70B8E87C69E /* PendingFolderImportTests.swift */; };
		B36D00350C08A8A28FF15181 /* ShowLogTests.swift in Sources */ = {isa = PBXBuildFile; fileRef = BB5E45F95D97440E499B624D /* ShowLogTests.swift */; };
		B48DB4DA5F28D7017F2E8EED /* ProjectLockBannerView.swift in Sources */ = {isa = PBXBuildFile; fileRef = 860D5CCBF5209A73B62CBA8F /* ProjectLockBannerView.swift */; };
		B69CE1461F740680651EFC39 /* AppIcon.icon in Resources */ = {isa = PBXBuildFile; fileRef = F1E1F27FCEA1C60E3C601307 /* AppIcon.icon */; };
		BD79C43642E7C9DDE1F393AD /* CrashRecoveryDetector.swift in Sources */ = {isa = PBXBuildFile; fileRef = 0D46390F473701690C95CF1E /* CrashRecoveryDetector.swift */; };
		BFE5FEA90AEA11BD597BEC0C /* AVFoundation.framework in Frameworks */ = {isa = PBXBuildFile; fileRef = EB3CFD9074943CC8F73C637C /* AVFoundation.framework */; };
		C02D1DDF70B419255097C42E /* InspectorView.swift in Sources */ = {isa = PBXBuildFile; fileRef = 0BC0B853C12B46AB64798C9D /* InspectorView.swift */; };
		C120F1AED083BE5B83E60533 /* InternalTimecodeGenerator.swift in Sources */ = {isa = PBXBuildFile; fileRef = AA2109CBF6D66866EB07681F /* InternalTimecodeGenerator.swift */; };
		C15C58435EAAB937B007FEDF /* ThumbnailGeneratorTests.swift in Sources */ = {isa = PBXBuildFile; fileRef = B3957B7B340D482CC18D8F16 /* ThumbnailGeneratorTests.swift */; };
		C243D56CE0D5D5610E8F2ECE /* ImageSequenceEncoder.swift in Sources */ = {isa = PBXBuildFile; fileRef = 2D06F636A6229A0C418EE285 /* ImageSequenceEncoder.swift */; };
		C304C03B3716404CB35470F4 /* CrashRecoveryBannerView.swift in Sources */ = {isa = PBXBuildFile; fileRef = 95B1D23335E9E0BF80F8D959 /* CrashRecoveryBannerView.swift */; };
		C7A4EDB0BDB83897190B4A25 /* OSCQueryServer.swift in Sources */ = {isa = PBXBuildFile; fileRef = 96F3960B5C5F817DFB3377D4 /* OSCQueryServer.swift */; };
		C9842DF5C4DF8FAA50B74011 /* DeckLinkBridge.mm in Sources */ = {isa = PBXBuildFile; fileRef = B637A693F1741DD785724AAE /* DeckLinkBridge.mm */; };
		CA516B0F7DE435ECB02646C6 /* CrashRecoveryControllerTests.swift in Sources */ = {isa = PBXBuildFile; fileRef = 202509882DEF106561761E6D /* CrashRecoveryControllerTests.swift */; };
		CC37F2E5CFC466A33AA98F58 /* ModelTests.swift in Sources */ = {isa = PBXBuildFile; fileRef = 773B6424E99EBEA84CB2027B /* ModelTests.swift */; };
		CCCB5A1DDC2A8EF972427BB8 /* MediaImportFailureTests.swift in Sources */ = {isa = PBXBuildFile; fileRef = F8536D230F07A5A41DD22032 /* MediaImportFailureTests.swift */; };
		CF0020C246A6F8DF7BC4B6D6 /* VideoOutput.swift in Sources */ = {isa = PBXBuildFile; fileRef = CF2597FFE1CB9927C6CB6395 /* VideoOutput.swift */; };
		CF2B6D1FC25294D4BA272CA5 /* TakeHistoryView.swift in Sources */ = {isa = PBXBuildFile; fileRef = CB8BD5680FB164FC1D82CBA7 /* TakeHistoryView.swift */; };
		D1EE64AA6E2B3B97F7A8CD8D /* FilmstripGenerator.swift in Sources */ = {isa = PBXBuildFile; fileRef = 494E2E6E35E9CF59293D1176 /* FilmstripGenerator.swift */; };
		D2D87259CFD1B81F53DBC0C8 /* ImageSequenceEncodeCoordinatorTests.swift in Sources */ = {isa = PBXBuildFile; fileRef = 5DE55003A493F69B338D09BA /* ImageSequenceEncodeCoordinatorTests.swift */; };
		D38368F7F25F022BC131466F /* PreShowCheckFixHandlers.swift in Sources */ = {isa = PBXBuildFile; fileRef = 0C5CF912A93B1EB5CA657689 /* PreShowCheckFixHandlers.swift */; };
		D93CCBEA7AE13AB4FC44F4F3 /* MediaFlagsTests.swift in Sources */ = {isa = PBXBuildFile; fileRef = FF79938EE267D36AF458C582 /* MediaFlagsTests.swift */; };
		DCABF0FFCC0E6E0596173F64 /* CompositorPipelineTests.swift in Sources */ = {isa = PBXBuildFile; fileRef = 21271656A4CCF6A5AD4E2940 /* CompositorPipelineTests.swift */; };
		DCEF69E2DA847BEBC9534552 /* AssetRelinkPlanTests.swift in Sources */ = {isa = PBXBuildFile; fileRef = F992212CAFFC42953E99C15B /* AssetRelinkPlanTests.swift */; };
		DE590B021826D8B2C652636D /* PreShowCheckView.swift in Sources */ = {isa = PBXBuildFile; fileRef = 95005D52A657E2A60F9E2008 /* PreShowCheckView.swift */; };
		DE5FE0EC53035F43FFA246E0 /* PreShowCheck.swift in Sources */ = {isa = PBXBuildFile; fileRef = 5B45DD8149F1F904849FDFC2 /* PreShowCheck.swift */; };
		DF9D9D2A7D5D102CC20FCD95 /* DeckLinkSDKDispatch.cpp in Sources */ = {isa = PBXBuildFile; fileRef = 9E8B4217656574F74350F1FF /* DeckLinkSDKDispatch.cpp */; };
		DFB8E02D46414DBF7C34D646 /* OverlayInspectorTests.swift in Sources */ = {isa = PBXBuildFile; fileRef = CAD1EB0DEF2FFFA7B96C902D /* OverlayInspectorTests.swift */; };
		E047E0CE35C78C80772F54ED /* AnimatedImageInspector.swift in Sources */ = {isa = PBXBuildFile; fileRef = AB44C4BE122979080B759770 /* AnimatedImageInspector.swift */; };
		E5DFE39B8CB8514358205B8E /* SubscriptionPump.swift in Sources */ = {isa = PBXBuildFile; fileRef = 6A4A7CF3D1DF29B837A0BF44 /* SubscriptionPump.swift */; };
		E7E0BCCC5F1B98DD0A582010 /* PreShowCheckTests.swift in Sources */ = {isa = PBXBuildFile; fileRef = D930FD6914035D4FEAC331A2 /* PreShowCheckTests.swift */; };
		E9E3C51A99F9323FE1D530DC /* PDFImporter.swift in Sources */ = {isa = PBXBuildFile; fileRef = 45BCD3E72BF9F52C2653862E /* PDFImporter.swift */; };
		EAA4BC2642696555F131F8BE /* OutputPreviewView.swift in Sources */ = {isa = PBXBuildFile; fileRef = 5D0C8298731E2AD4C22B2306 /* OutputPreviewView.swift */; };
		EBD764F8E39D94B5858A883B /* MediaImporterFingerprintTests.swift in Sources */ = {isa = PBXBuildFile; fileRef = A403820A52154533BFBFE661 /* MediaImporterFingerprintTests.swift */; };
		EDB3E5ED1721A22A5B31024C /* CompositorLayers.swift in Sources */ = {isa = PBXBuildFile; fileRef = 6214E79B299E7C7AB111C790 /* CompositorLayers.swift */; };
		EE3870434C944DFB877D89F7 /* ImageSequenceDetectorTests.swift in Sources */ = {isa = PBXBuildFile; fileRef = 48D597C7D54010FC1E62D378 /* ImageSequenceDetectorTests.swift */; };
		F4D353B47C138FF5ACA1CCC2 /* TranscodeService.swift in Sources */ = {isa = PBXBuildFile; fileRef = BB90370BA34D673675815F69 /* TranscodeService.swift */; };
		F52CA35701C089E08D0BFDCB /* ShowControlState.swift in Sources */ = {isa = PBXBuildFile; fileRef = 8FD2B422FED7E9102FAEA3D2 /* ShowControlState.swift */; };
		F6777B6986F9083E1C779BD2 /* CoreImage.framework in Frameworks */ = {isa = PBXBuildFile; fileRef = E66F934F6D6C5561905E6550 /* CoreImage.framework */; };
		F716F5B63074FD21302982EE /* OutputInspectorView.swift in Sources */ = {isa = PBXBuildFile; fileRef = 50CF28D157920076A3C82649 /* OutputInspectorView.swift */; };
		FC32EE8637C41BE54C785AF4 /* UniformTypeIdentifiers.framework in Frameworks */ = {isa = PBXBuildFile; fileRef = D8CA5B1A327E84EEA75F0B9F /* UniformTypeIdentifiers.framework */; };
/* End PBXBuildFile section */

/* Begin PBXContainerItemProxy section */
		73C8F1D94F3EB8A84F20F999 /* PBXContainerItemProxy */ = {
			isa = PBXContainerItemProxy;
			containerPortal = 761E44A1E89376BF8C2B320F /* Project object */;
			proxyType = 1;
			remoteGlobalIDString = 254E6CD3CFEEA6DCF7804E5B;
			remoteInfo = "Simple Playback";
		};
/* End PBXContainerItemProxy section */

/* Begin PBXFileReference section */
		0054C1DB191C23C6138BCACC /* FilmstripCoordinatorTests.swift */ = {isa = PBXFileReference; lastKnownFileType = sourcecode.swift; path = FilmstripCoordinatorTests.swift; sourceTree = "<group>"; };
		00712F270D3EB78020694E87 /* OSCAddressMap.swift */ = {isa = PBXFileReference; lastKnownFileType = sourcecode.swift; path = OSCAddressMap.swift; sourceTree = "<group>"; };
		01C17ADD674250609276D8A4 /* HTTPRoutes.swift */ = {isa = PBXFileReference; lastKnownFileType = sourcecode.swift; path = HTTPRoutes.swift; sourceTree = "<group>"; };
		06A94FE5F5AA25EE58FF77A3 /* ImageSequenceEncoderTests.swift */ = {isa = PBXFileReference; lastKnownFileType = sourcecode.swift; path = ImageSequenceEncoderTests.swift; sourceTree = "<group>"; };
		0781CD54E510EE56EFE80A9D /* PreShowCheckAdapters.swift */ = {isa = PBXFileReference; lastKnownFileType = sourcecode.swift; path = PreShowCheckAdapters.swift; sourceTree = "<group>"; };
		0989D3568265E79CF99893F5 /* AddFolderImporterTests.swift */ = {isa = PBXFileReference; lastKnownFileType = sourcecode.swift; path = AddFolderImporterTests.swift; sourceTree = "<group>"; };
		0A0971F0E4FF56FD74F21EC0 /* OutputStatusBarTests.swift */ = {isa = PBXFileReference; lastKnownFileType = sourcecode.swift; path = OutputStatusBarTests.swift; sourceTree = "<group>"; };
		0AAABB8C041A4E6DF8BE8685 /* LTCDecoder.swift */ = {isa = PBXFileReference; lastKnownFileType = sourcecode.swift; path = LTCDecoder.swift; sourceTree = "<group>"; };
		0ACFD5B151F32CFDFFECCB68 /* BonjourPublisher.swift */ = {isa = PBXFileReference; lastKnownFileType = sourcecode.swift; path = BonjourPublisher.swift; sourceTree = "<group>"; };
		0B48466BEBD802E32083CC7A /* MediaImporterThumbnailTests.swift */ = {isa = PBXFileReference; lastKnownFileType = sourcecode.swift; path = MediaImporterThumbnailTests.swift; sourceTree = "<group>"; };
		0BC0B853C12B46AB64798C9D /* InspectorView.swift */ = {isa = PBXFileReference; lastKnownFileType = sourcecode.swift; path = InspectorView.swift; sourceTree = "<group>"; };
		0C5CF912A93B1EB5CA657689 /* PreShowCheckFixHandlers.swift */ = {isa = PBXFileReference; lastKnownFileType = sourcecode.swift; path = PreShowCheckFixHandlers.swift; sourceTree = "<group>"; };
		0C5D785F3003D2ACB7542065 /* MediaImporterFolderBookmarkTests.swift */ = {isa = PBXFileReference; lastKnownFileType = sourcecode.swift; path = MediaImporterFolderBookmarkTests.swift; sourceTree = "<group>"; };
		0D46390F473701690C95CF1E /* CrashRecoveryDetector.swift */ = {isa = PBXFileReference; lastKnownFileType = sourcecode.swift; path = CrashRecoveryDetector.swift; sourceTree = "<group>"; };
		0E47E51BD45087956CCF2905 /* ShowControlIntegrationTests.swift */ = {isa = PBXFileReference; lastKnownFileType = sourcecode.swift; path = ShowControlIntegrationTests.swift; sourceTree = "<group>"; };
		1081E23773E064CD4085FF88 /* MissingMediaBannerView.swift */ = {isa = PBXFileReference; lastKnownFileType = sourcecode.swift; path = MissingMediaBannerView.swift; sourceTree = "<group>"; };
		189C4C83922BF987A389D797 /* HTTPRequest.swift */ = {isa = PBXFileReference; lastKnownFileType = sourcecode.swift; path = HTTPRequest.swift; sourceTree = "<group>"; };
		18F5B52C774E8E6CC0899D9C /* AutosaveCheckpointer.swift */ = {isa = PBXFileReference; lastKnownFileType = sourcecode.swift; path = AutosaveCheckpointer.swift; sourceTree = "<group>"; };
		1C201B22E860FB94D92CA433 /* FrameRateConformance.swift */ = {isa = PBXFileReference; lastKnownFileType = sourcecode.swift; path = FrameRateConformance.swift; sourceTree = "<group>"; };
		1E692236531010FF9478D341 /* DebouncerTests.swift */ = {isa = PBXFileReference; lastKnownFileType = sourcecode.swift; path = DebouncerTests.swift; sourceTree = "<group>"; };
		202509882DEF106561761E6D /* CrashRecoveryControllerTests.swift */ = {isa = PBXFileReference; lastKnownFileType = sourcecode.swift; path = CrashRecoveryControllerTests.swift; sourceTree = "<group>"; };
		206A8DDCD4F82FF85D3587EC /* SubscriptionRegistry.swift */ = {isa = PBXFileReference; lastKnownFileType = sourcecode.swift; path = SubscriptionRegistry.swift; sourceTree = "<group>"; };
		21271656A4CCF6A5AD4E2940 /* CompositorPipelineTests.swift */ = {isa = PBXFileReference; lastKnownFileType = sourcecode.swift; path = CompositorPipelineTests.swift; sourceTree = "<group>"; };
		213CB5AEDC97C0942C10558F /* RootView.swift */ = {isa = PBXFileReference; lastKnownFileType = sourcecode.swift; path = RootView.swift; sourceTree = "<group>"; };
		22C8342BEF86901A52B41C81 /* FrameRateConformanceTests.swift */ = {isa = PBXFileReference; lastKnownFileType = sourcecode.swift; path = FrameRateConformanceTests.swift; sourceTree = "<group>"; };
		237C1358E779CC8F8EBA839E /* ShowControlTests.swift */ = {isa = PBXFileReference; lastKnownFileType = sourcecode.swift; path = ShowControlTests.swift; sourceTree = "<group>"; };
		24668879F6BB6C3E4ED2C3F5 /* TransportSinkTests.swift */ = {isa = PBXFileReference; lastKnownFileType = sourcecode.swift; path = TransportSinkTests.swift; sourceTree = "<group>"; };
		25E49DE589201558F6BF9431 /* SlideGridViewThumbnailFallbackTests.swift */ = {isa = PBXFileReference; lastKnownFileType = sourcecode.swift; path = SlideGridViewThumbnailFallbackTests.swift; sourceTree = "<group>"; };
		27589625C8FC5B053A3F725C /* OutputStatusBar.swift */ = {isa = PBXFileReference; lastKnownFileType = sourcecode.swift; path = OutputStatusBar.swift; sourceTree = "<group>"; };
		2762065E2D1FE5D3F052F8FF /* MediaImportFailure.swift */ = {isa = PBXFileReference; lastKnownFileType = sourcecode.swift; path = MediaImportFailure.swift; sourceTree = "<group>"; };
		28F1823003EC72E1D46610F5 /* CrashRecoveryDetectorTests.swift */ = {isa = PBXFileReference; lastKnownFileType = sourcecode.swift; path = CrashRecoveryDetectorTests.swift; sourceTree = "<group>"; };
		29F9DCDACFB1E27A47F7D0DE /* SimplePlaybackDocument.swift */ = {isa = PBXFileReference; lastKnownFileType = sourcecode.swift; path = SimplePlaybackDocument.swift; sourceTree = "<group>"; };
		2B85E5A857820D320657302C /* OverlayInspectorView.swift */ = {isa = PBXFileReference; lastKnownFileType = sourcecode.swift; path = OverlayInspectorView.swift; sourceTree = "<group>"; };
		2D06F636A6229A0C418EE285 /* ImageSequenceEncoder.swift */ = {isa = PBXFileReference; lastKnownFileType = sourcecode.swift; path = ImageSequenceEncoder.swift; sourceTree = "<group>"; };
		2EC27D99E4F7116EE8C011D1 /* ThumbnailGenerator.swift */ = {isa = PBXFileReference; lastKnownFileType = sourcecode.swift; path = ThumbnailGenerator.swift; sourceTree = "<group>"; };
		3253B3FD3FAC0C281019B377 /* LateTakeDetectorTests.swift */ = {isa = PBXFileReference; lastKnownFileType = sourcecode.swift; path = LateTakeDetectorTests.swift; sourceTree = "<group>"; };
		32E04427E697B0F4238C1C4C /* EnergyAssertion.swift */ = {isa = PBXFileReference; lastKnownFileType = sourcecode.swift; path = EnergyAssertion.swift; sourceTree = "<group>"; };
		332208860C29B553E0BE52D0 /* ShowLogView.swift */ = {isa = PBXFileReference; lastKnownFileType = sourcecode.swift; path = ShowLogView.swift; sourceTree = "<group>"; };
		364D651E1585BC12FAC85DC1 /* SimplePlayback.entitlements */ = {isa = PBXFileReference; lastKnownFileType = text.plist.entitlements; path = SimplePlayback.entitlements; sourceTree = "<group>"; };
		36644DFC532BA927F6C827DA /* LateTakeDetector.swift */ = {isa = PBXFileReference; lastKnownFileType = sourcecode.swift; path = LateTakeDetector.swift; sourceTree = "<group>"; };
		38F7D1388C31CB5FF57645DA /* KeynoteImporterTests.swift */ = {isa = PBXFileReference; lastKnownFileType = sourcecode.swift; path = KeynoteImporterTests.swift; sourceTree = "<group>"; };
		3901F80946826E57A5B02934 /* CompositorPipeline.swift */ = {isa = PBXFileReference; lastKnownFileType = sourcecode.swift; path = CompositorPipeline.swift; sourceTree = "<group>"; };
		3906CB66B7CA3652EABFE931 /* AudioPump.swift */ = {isa = PBXFileReference; lastKnownFileType = sourcecode.swift; path = AudioPump.swift; sourceTree = "<group>"; };
		39A90630AF349E25D5676488 /* SPFrameBlend.h */ = {isa = PBXFileReference; lastKnownFileType = sourcecode.c.h; path = SPFrameBlend.h; sourceTree = "<group>"; };
		3A0938EC4100E4EC1F247B73 /* BundleForTravelCoordinator.swift */ = {isa = PBXFileReference; lastKnownFileType = sourcecode.swift; path = BundleForTravelCoordinator.swift; sourceTree = "<group>"; };
		3A471C6C5C78FE638539C5C7 /* PDFKit.framework */ = {isa = PBXFileReference; lastKnownFileType = wrapper.framework; name = PDFKit.framework; path = System/Library/Frameworks/PDFKit.framework; sourceTree = SDKROOT; };
		4040F3064AA861BCD17050FB /* ShowListView.swift */ = {isa = PBXFileReference; lastKnownFileType = sourcecode.swift; path = ShowListView.swift; sourceTree = "<group>"; };
		41F6421D7CBD102AC8875CC6 /* ImportStatusBanner.swift */ = {isa = PBXFileReference; lastKnownFileType = sourcecode.swift; path = ImportStatusBanner.swift; sourceTree = "<group>"; };
		42A7161E143DF74B913CE363 /* FolderBookmarkTests.swift */ = {isa = PBXFileReference; lastKnownFileType = sourcecode.swift; path = FolderBookmarkTests.swift; sourceTree = "<group>"; };
		44FE6246D0C933DEF915F45A /* MediaImporterFilmstripTests.swift */ = {isa = PBXFileReference; lastKnownFileType = sourcecode.swift; path = MediaImporterFilmstripTests.swift; sourceTree = "<group>"; };
		45BCD3E72BF9F52C2653862E /* PDFImporter.swift */ = {isa = PBXFileReference; lastKnownFileType = sourcecode.swift; path = PDFImporter.swift; sourceTree = "<group>"; };
		468656BDF709EEBAD0CE9B9F /* MediaResolverTests.swift */ = {isa = PBXFileReference; lastKnownFileType = sourcecode.swift; path = MediaResolverTests.swift; sourceTree = "<group>"; };
		473B7534956D23833D7E61BD /* OSCMessage.swift */ = {isa = PBXFileReference; lastKnownFileType = sourcecode.swift; path = OSCMessage.swift; sourceTree = "<group>"; };
		474A0C6ABB641B1CA5416495 /* ShowControlHub.swift */ = {isa = PBXFileReference; lastKnownFileType = sourcecode.swift; path = ShowControlHub.swift; sourceTree = "<group>"; };
		48D597C7D54010FC1E62D378 /* ImageSequenceDetectorTests.swift */ = {isa = PBXFileReference; lastKnownFileType = sourcecode.swift; path = ImageSequenceDetectorTests.swift; sourceTree = "<group>"; };
		4938DA35785910BBFF3391DD /* MediaImporterKeynoteTests.swift */ = {isa = PBXFileReference; lastKnownFileType = sourcecode.swift; path = MediaImporterKeynoteTests.swift; sourceTree = "<group>"; };
		494E2E6E35E9CF59293D1176 /* FilmstripGenerator.swift */ = {isa = PBXFileReference; lastKnownFileType = sourcecode.swift; path = FilmstripGenerator.swift; sourceTree = "<group>"; };
		4C464E7C3A355CB93D5C25FC /* FilmstripCoordinator.swift */ = {isa = PBXFileReference; lastKnownFileType = sourcecode.swift; path = FilmstripCoordinator.swift; sourceTree = "<group>"; };
		4FFDD7785740559EEB94F4CA /* SPFrameBlend.c */ = {isa = PBXFileReference; lastKnownFileType = sourcecode.c.c; path = SPFrameBlend.c; sourceTree = "<group>"; };
		50C07D5C65BD28D34CB0463D /* PlaybackControllerCueFireTests.swift */ = {isa = PBXFileReference; lastKnownFileType = sourcecode.swift; path = PlaybackControllerCueFireTests.swift; sourceTree = "<group>"; };
		50CF28D157920076A3C82649 /* OutputInspectorView.swift */ = {isa = PBXFileReference; lastKnownFileType = sourcecode.swift; path = OutputInspectorView.swift; sourceTree = "<group>"; };
		532651899A2D97DB1134F636 /* DroppedFrameCounterTests.swift */ = {isa = PBXFileReference; lastKnownFileType = sourcecode.swift; path = DroppedFrameCounterTests.swift; sourceTree = "<group>"; };
		55CBCF96BB663B7A4A87D0D5 /* FilmstripGeneratorTests.swift */ = {isa = PBXFileReference; lastKnownFileType = sourcecode.swift; path = FilmstripGeneratorTests.swift; sourceTree = "<group>"; };
		565CD1F5339683D2539E806C /* MediaResolver.swift */ = {isa = PBXFileReference; lastKnownFileType = sourcecode.swift; path = MediaResolver.swift; sourceTree = "<group>"; };
		569A548ECCAC07CC9E9B92D2 /* MediaModels.swift */ = {isa = PBXFileReference; lastKnownFileType = sourcecode.swift; path = MediaModels.swift; sourceTree = "<group>"; };
		584B35FFA22C0473DD0D81CB /* ShowControllerDroppedFrameLogTests.swift */ = {isa = PBXFileReference; lastKnownFileType = sourcecode.swift; path = ShowControllerDroppedFrameLogTests.swift; sourceTree = "<group>"; };
		5B45DD8149F1F904849FDFC2 /* PreShowCheck.swift */ = {isa = PBXFileReference; lastKnownFileType = sourcecode.swift; path = PreShowCheck.swift; sourceTree = "<group>"; };
		5D0C8298731E2AD4C22B2306 /* OutputPreviewView.swift */ = {isa = PBXFileReference; lastKnownFileType = sourcecode.swift; path = OutputPreviewView.swift; sourceTree = "<group>"; };
		5DE55003A493F69B338D09BA /* ImageSequenceEncodeCoordinatorTests.swift */ = {isa = PBXFileReference; lastKnownFileType = sourcecode.swift; path = ImageSequenceEncodeCoordinatorTests.swift; sourceTree = "<group>"; };
		6023F5FCD12A96AE5EAD4313 /* ShowControlStack.swift */ = {isa = PBXFileReference; lastKnownFileType = sourcecode.swift; path = ShowControlStack.swift; sourceTree = "<group>"; };
		6084981086D7D70B8E87C69E /* PendingFolderImportTests.swift */ = {isa = PBXFileReference; lastKnownFileType = sourcecode.swift; path = PendingFolderImportTests.swift; sourceTree = "<group>"; };
		6214E79B299E7C7AB111C790 /* CompositorLayers.swift */ = {isa = PBXFileReference; lastKnownFileType = sourcecode.swift; path = CompositorLayers.swift; sourceTree = "<group>"; };
		633EE3FAB29225F6222E52AB /* TranscodeCoordinatorTests.swift */ = {isa = PBXFileReference; lastKnownFileType = sourcecode.swift; path = TranscodeCoordinatorTests.swift; sourceTree = "<group>"; };
		63903ACF2604D9E2128B0F6C /* TransportSinks.swift */ = {isa = PBXFileReference; lastKnownFileType = sourcecode.swift; path = TransportSinks.swift; sourceTree = "<group>"; };
		64770F5436DE8DAF65E696DF /* AssetLibraryProbeTests.swift */ = {isa = PBXFileReference; lastKnownFileType = sourcecode.swift; path = AssetLibraryProbeTests.swift; sourceTree = "<group>"; };
		6A4A7CF3D1DF29B837A0BF44 /* SubscriptionPump.swift */ = {isa = PBXFileReference; lastKnownFileType = sourcecode.swift; path = SubscriptionPump.swift; sourceTree = "<group>"; };
		6A836746B1484C724C362CAE /* AssetFingerprinter.swift */ = {isa = PBXFileReference; lastKnownFileType = sourcecode.swift; path = AssetFingerprinter.swift; sourceTree = "<group>"; };
		6BF01B25D49F0D899EA2AE22 /* AudioDeviceProbeTests.swift */ = {isa = PBXFileReference; lastKnownFileType = sourcecode.swift; path = AudioDeviceProbeTests.swift; sourceTree = "<group>"; };
		6CD51FEB5E50862496E8A6BA /* ShowControlActions.swift */ = {isa = PBXFileReference; lastKnownFileType = sourcecode.swift; path = ShowControlActions.swift; sourceTree = "<group>"; };
		6FD2EFC1C287DD9480AF2D2F /* ImageSequenceDetector.swift */ = {isa = PBXFileReference; lastKnownFileType = sourcecode.swift; path = ImageSequenceDetector.swift; sourceTree = "<group>"; };
		70B339087E0F91F6B7504F6D /* ShowControlDispatcher.swift */ = {isa = PBXFileReference; lastKnownFileType = sourcecode.swift; path = ShowControlDispatcher.swift; sourceTree = "<group>"; };
		7207C062BAE86A22C6BC8983 /* ProjectLockControllerTests.swift */ = {isa = PBXFileReference; lastKnownFileType = sourcecode.swift; path = ProjectLockControllerTests.swift; sourceTree = "<group>"; };
		733E939A782AEA845A2B7F10 /* BundleForTravelCoordinatorTests.swift */ = {isa = PBXFileReference; lastKnownFileType = sourcecode.swift; path = BundleForTravelCoordinatorTests.swift; sourceTree = "<group>"; };
		74F6B96FEA30A03C2D3B1FBB /* DeckLinkBridge.h */ = {isa = PBXFileReference; lastKnownFileType = sourcecode.c.h; path = DeckLinkBridge.h; sourceTree = "<group>"; };
		75B620D6408556D32380C918 /* SlideGridView.swift */ = {isa = PBXFileReference; lastKnownFileType = sourcecode.swift; path = SlideGridView.swift; sourceTree = "<group>"; };
		773B6424E99EBEA84CB2027B /* ModelTests.swift */ = {isa = PBXFileReference; lastKnownFileType = sourcecode.swift; path = ModelTests.swift; sourceTree = "<group>"; };
		7AABB7CD8A197ED38F964D63 /* Info.plist */ = {isa = PBXFileReference; lastKnownFileType = text.plist; path = Info.plist; sourceTree = "<group>"; };
		7B4EF3D125520DB5F0C1F703 /* HTTPServer.swift */ = {isa = PBXFileReference; lastKnownFileType = sourcecode.swift; path = HTTPServer.swift; sourceTree = "<group>"; };
		80E043D10C05A45834D8AF3A /* MissingMediaBannerViewTests.swift */ = {isa = PBXFileReference; lastKnownFileType = sourcecode.swift; path = MissingMediaBannerViewTests.swift; sourceTree = "<group>"; };
		84A7FA109AFD06BDF513E0D8 /* AssetFingerprinterTests.swift */ = {isa = PBXFileReference; lastKnownFileType = sourcecode.swift; path = AssetFingerprinterTests.swift; sourceTree = "<group>"; };
		860D5CCBF5209A73B62CBA8F /* ProjectLockBannerView.swift */ = {isa = PBXFileReference; lastKnownFileType = sourcecode.swift; path = ProjectLockBannerView.swift; sourceTree = "<group>"; };
		87395AF6ACFB3496B47EFFB3 /* ShowController.swift */ = {isa = PBXFileReference; lastKnownFileType = sourcecode.swift; path = ShowController.swift; sourceTree = "<group>"; };
		895675B96A46871F5FABD3B8 /* ShowControllerLateTakeLogTests.swift */ = {isa = PBXFileReference; lastKnownFileType = sourcecode.swift; path = ShowControllerLateTakeLogTests.swift; sourceTree = "<group>"; };
		8A5E1B676CDA189E4C8C26CB /* PlaybackController.swift */ = {isa = PBXFileReference; lastKnownFileType = sourcecode.swift; path = PlaybackController.swift; sourceTree = "<group>"; };
		8C41349B62BEDC6D03ED0DA6 /* AddFolderImporter.swift */ = {isa = PBXFileReference; lastKnownFileType = sourcecode.swift; path = AddFolderImporter.swift; sourceTree = "<group>"; };
		8E99FC3B24835175EF3BD62E /* TakeHistoryTests.swift */ = {isa = PBXFileReference; lastKnownFileType = sourcecode.swift; path = TakeHistoryTests.swift; sourceTree = "<group>"; };
		8FD2B422FED7E9102FAEA3D2 /* ShowControlState.swift */ = {isa = PBXFileReference; lastKnownFileType = sourcecode.swift; path = ShowControlState.swift; sourceTree = "<group>"; };
		92D6FAD99797FC3C21DA725E /* AVKit.framework */ = {isa = PBXFileReference; lastKnownFileType = wrapper.framework; name = AVKit.framework; path = System/Library/Frameworks/AVKit.framework; sourceTree = SDKROOT; };
		93004BE1F2BECBBF122DB00C /* MediaFlags.swift */ = {isa = PBXFileReference; lastKnownFileType = sourcecode.swift; path = MediaFlags.swift; sourceTree = "<group>"; };
		934A545F270968E04F027F8B /* LTCReader.swift */ = {isa = PBXFileReference; lastKnownFileType = sourcecode.swift; path = LTCReader.swift; sourceTree = "<group>"; };
		93727D6450DEE3ED3934DA97 /* WebSocketFrame.swift */ = {isa = PBXFileReference; lastKnownFileType = sourcecode.swift; path = WebSocketFrame.swift; sourceTree = "<group>"; };
		94369DD345B9DD7E2DEC1F0E /* ProjectLockFileTests.swift */ = {isa = PBXFileReference; lastKnownFileType = sourcecode.swift; path = ProjectLockFileTests.swift; sourceTree = "<group>"; };
		95005D52A657E2A60F9E2008 /* PreShowCheckView.swift */ = {isa = PBXFileReference; lastKnownFileType = sourcecode.swift; path = PreShowCheckView.swift; sourceTree = "<group>"; };
		959E8FA27281A1515AEF705C /* BundleForTravelPlan.swift */ = {isa = PBXFileReference; lastKnownFileType = sourcecode.swift; path = BundleForTravelPlan.swift; sourceTree = "<group>"; };
		95B1D23335E9E0BF80F8D959 /* CrashRecoveryBannerView.swift */ = {isa = PBXFileReference; lastKnownFileType = sourcecode.swift; path = CrashRecoveryBannerView.swift; sourceTree = "<group>"; };
		96F3960B5C5F817DFB3377D4 /* OSCQueryServer.swift */ = {isa = PBXFileReference; lastKnownFileType = sourcecode.swift; path = OSCQueryServer.swift; sourceTree = "<group>"; };
		9A70EA9D270E7268A7C74D62 /* TranscodeServiceTests.swift */ = {isa = PBXFileReference; lastKnownFileType = sourcecode.swift; path = TranscodeServiceTests.swift; sourceTree = "<group>"; };
		9E5D5CE935540C98B6BAAAEF /* Assets.xcassets */ = {isa = PBXFileReference; lastKnownFileType = folder.assetcatalog; path = Assets.xcassets; sourceTree = "<group>"; };
		9E8B4217656574F74350F1FF /* DeckLinkSDKDispatch.cpp */ = {isa = PBXFileReference; lastKnownFileType = sourcecode.cpp.cpp; path = DeckLinkSDKDispatch.cpp; sourceTree = "<group>"; };
		9FC38AB74DB5321128E72E79 /* AudioDeviceProbe.swift */ = {isa = PBXFileReference; lastKnownFileType = sourcecode.swift; path = AudioDeviceProbe.swift; sourceTree = "<group>"; };
		A13557C5F98007D62499B140 /* StateSnapshotEncoder.swift */ = {isa = PBXFileReference; lastKnownFileType = sourcecode.swift; path = StateSnapshotEncoder.swift; sourceTree = "<group>"; };
		A403820A52154533BFBFE661 /* MediaImporterFingerprintTests.swift */ = {isa = PBXFileReference; lastKnownFileType = sourcecode.swift; path = MediaImporterFingerprintTests.swift; sourceTree = "<group>"; };
		A45B0A7CB7DDDC72B747F7C8 /* FrameRenderer.swift */ = {isa = PBXFileReference; lastKnownFileType = sourcecode.swift; path = FrameRenderer.swift; sourceTree = "<group>"; };
		A4758CF8E9891007D793354E /* DroppedFrameCounter.swift */ = {isa = PBXFileReference; lastKnownFileType = sourcecode.swift; path = DroppedFrameCounter.swift; sourceTree = "<group>"; };
		A48741BAA260FA2E3B3E93ED /* AssetRelinkPlan.swift */ = {isa = PBXFileReference; lastKnownFileType = sourcecode.swift; path = AssetRelinkPlan.swift; sourceTree = "<group>"; };
		A62C4E147CCC6686312E0815 /* MediaImporterPDFTests.swift */ = {isa = PBXFileReference; lastKnownFileType = sourcecode.swift; path = MediaImporterPDFTests.swift; sourceTree = "<group>"; };
		A66F04C7C7C26DBC9EA69F81 /* Simple PlaybackTests.xctest */ = {isa = PBXFileReference; explicitFileType = wrapper.cfbundle; includeInIndex = 0; path = "Simple PlaybackTests.xctest"; sourceTree = BUILT_PRODUCTS_DIR; };
		AA2109CBF6D66866EB07681F /* InternalTimecodeGenerator.swift */ = {isa = PBXFileReference; lastKnownFileType = sourcecode.swift; path = InternalTimecodeGenerator.swift; sourceTree = "<group>"; };
		AB44C4BE122979080B759770 /* AnimatedImageInspector.swift */ = {isa = PBXFileReference; lastKnownFileType = sourcecode.swift; path = AnimatedImageInspector.swift; sourceTree = "<group>"; };
		AE5337B42A540319366F02D3 /* ShowLog.swift */ = {isa = PBXFileReference; lastKnownFileType = sourcecode.swift; path = ShowLog.swift; sourceTree = "<group>"; };
		AFB3106A106C37E4EE56BC7E /* MTCReader.swift */ = {isa = PBXFileReference; lastKnownFileType = sourcecode.swift; path = MTCReader.swift; sourceTree = "<group>"; };
		B09A6E0D2794272C8FBB0987 /* EnergyAssertionTests.swift */ = {isa = PBXFileReference; lastKnownFileType = sourcecode.swift; path = EnergyAssertionTests.swift; sourceTree = "<group>"; };
		B133348CF010D337CDA988A0 /* ImportStatusBannerTests.swift */ = {isa = PBXFileReference; lastKnownFileType = sourcecode.swift; path = ImportStatusBannerTests.swift; sourceTree = "<group>"; };
		B29CDDBD1A7CD4394C852378 /* ShowLogFilterTests.swift */ = {isa = PBXFileReference; lastKnownFileType = sourcecode.swift; path = ShowLogFilterTests.swift; sourceTree = "<group>"; };
		B328F432BC7CCB991A9A8373 /* MediaImporter.swift */ = {isa = PBXFileReference; lastKnownFileType = sourcecode.swift; path = MediaImporter.swift; sourceTree = "<group>"; };
		B3957B7B340D482CC18D8F16 /* ThumbnailGeneratorTests.swift */ = {isa = PBXFileReference; lastKnownFileType = sourcecode.swift; path = ThumbnailGeneratorTests.swift; sourceTree = "<group>"; };
		B55CC65960D79FA6ECC0214F /* Simple Playback.app */ = {isa = PBXFileReference; explicitFileType = wrapper.application; includeInIndex = 0; path = "Simple Playback.app"; sourceTree = BUILT_PRODUCTS_DIR; };
		B631D588B2455E3C2C9EE89C /* PDFImporterTests.swift */ = {isa = PBXFileReference; lastKnownFileType = sourcecode.swift; path = PDFImporterTests.swift; sourceTree = "<group>"; };
		B637A693F1741DD785724AAE /* DeckLinkBridge.mm */ = {isa = PBXFileReference; lastKnownFileType = sourcecode.cpp.objcpp; path = DeckLinkBridge.mm; sourceTree = "<group>"; };
		B9392E6B9D0468959B74A1F9 /* TransportSink.swift */ = {isa = PBXFileReference; lastKnownFileType = sourcecode.swift; path = TransportSink.swift; sourceTree = "<group>"; };
		BAB740EFC960FD945A655941 /* SimplePlaybackProjectDocument.swift */ = {isa = PBXFileReference; lastKnownFileType = sourcecode.swift; path = SimplePlaybackProjectDocument.swift; sourceTree = "<group>"; };
		BAB7AC40249EC7B2A4951E24 /* AddFolderImportSheet.swift */ = {isa = PBXFileReference; lastKnownFileType = sourcecode.swift; path = AddFolderImportSheet.swift; sourceTree = "<group>"; };
		BB5E45F95D97440E499B624D /* ShowLogTests.swift */ = {isa = PBXFileReference; lastKnownFileType = sourcecode.swift; path = ShowLogTests.swift; sourceTree = "<group>"; };
		BB90370BA34D673675815F69 /* TranscodeService.swift */ = {isa = PBXFileReference; lastKnownFileType = sourcecode.swift; path = TranscodeService.swift; sourceTree = "<group>"; };
		BBA2DABFD5EE282A4CC471FC /* BundleForTravelPlanTests.swift */ = {isa = PBXFileReference; lastKnownFileType = sourcecode.swift; path = BundleForTravelPlanTests.swift; sourceTree = "<group>"; };
		BBBA363D1C04A7119011031E /* OSCServer.swift */ = {isa = PBXFileReference; lastKnownFileType = sourcecode.swift; path = OSCServer.swift; sourceTree = "<group>"; };
		BD3490C4BA5C4A09BDBF9415 /* MediaFlagsInspector.swift */ = {isa = PBXFileReference; lastKnownFileType = sourcecode.swift; path = MediaFlagsInspector.swift; sourceTree = "<group>"; };
		BFFF4C270918BFE5D70A374A /* Debouncer.swift */ = {isa = PBXFileReference; lastKnownFileType = sourcecode.swift; path = Debouncer.swift; sourceTree = "<group>"; };
		C0BC03657660E157633D31C6 /* Timecode.swift */ = {isa = PBXFileReference; lastKnownFileType = sourcecode.swift; path = Timecode.swift; sourceTree = "<group>"; };
		C80C047EF3A91E748BF5DB47 /* ProjectLockFile.swift */ = {isa = PBXFileReference; lastKnownFileType = sourcecode.swift; path = ProjectLockFile.swift; sourceTree = "<group>"; };
		CA6758AB37C36BC8F192C9C3 /* SimplePlayback-Bridging-Header.h */ = {isa = PBXFileReference; lastKnownFileType = sourcecode.c.h; path = "SimplePlayback-Bridging-Header.h"; sourceTree = "<group>"; };
		CAD1EB0DEF2FFFA7B96C902D /* OverlayInspectorTests.swift */ = {isa = PBXFileReference; lastKnownFileType = sourcecode.swift; path = OverlayInspectorTests.swift; sourceTree = "<group>"; };
		CB8BD5680FB164FC1D82CBA7 /* TakeHistoryView.swift */ = {isa = PBXFileReference; lastKnownFileType = sourcecode.swift; path = TakeHistoryView.swift; sourceTree = "<group>"; };
		CF2597FFE1CB9927C6CB6395 /* VideoOutput.swift */ = {isa = PBXFileReference; lastKnownFileType = sourcecode.swift; path = VideoOutput.swift; sourceTree = "<group>"; };
		CF97362F36D6ED17D41359D2 /* DeckLinkDiagnostics.swift */ = {isa = PBXFileReference; lastKnownFileType = sourcecode.swift; path = DeckLinkDiagnostics.swift; sourceTree = "<group>"; };
		D2A8691862AC8AE01B87203D /* KeynoteImporter.swift */ = {isa = PBXFileReference; lastKnownFileType = sourcecode.swift; path = KeynoteImporter.swift; sourceTree = "<group>"; };
		D38F9625D50B1A0F19983F41 /* BundleForTravelSheet.swift */ = {isa = PBXFileReference; lastKnownFileType = sourcecode.swift; path = BundleForTravelSheet.swift; sourceTree = "<group>"; };
		D6A8BE27C4F2CAA54E827EC3 /* AssetLibraryProbe.swift */ = {isa = PBXFileReference; lastKnownFileType = sourcecode.swift; path = AssetLibraryProbe.swift; sourceTree = "<group>"; };
		D8CA5B1A327E84EEA75F0B9F /* UniformTypeIdentifiers.framework */ = {isa = PBXFileReference; lastKnownFileType = wrapper.framework; name = UniformTypeIdentifiers.framework; path = System/Library/Frameworks/UniformTypeIdentifiers.framework; sourceTree = SDKROOT; };
		D930FD6914035D4FEAC331A2 /* PreShowCheckTests.swift */ = {isa = PBXFileReference; lastKnownFileType = sourcecode.swift; path = PreShowCheckTests.swift; sourceTree = "<group>"; };
		DBA2A137EBDAA8855CAA24A2 /* AuthTokenStore.swift */ = {isa = PBXFileReference; lastKnownFileType = sourcecode.swift; path = AuthTokenStore.swift; sourceTree = "<group>"; };
		DBE4B045C1C58A97ED08C4B9 /* ShowControllerLogTests.swift */ = {isa = PBXFileReference; lastKnownFileType = sourcecode.swift; path = ShowControllerLogTests.swift; sourceTree = "<group>"; };
		E1B3AC760F776AC4DDC6B0F9 /* DeckLinkSDK.h */ = {isa = PBXFileReference; lastKnownFileType = sourcecode.c.h; path = DeckLinkSDK.h; sourceTree = "<group>"; };
		E66F934F6D6C5561905E6550 /* CoreImage.framework */ = {isa = PBXFileReference; lastKnownFileType = wrapper.framework; name = CoreImage.framework; path = System/Library/Frameworks/CoreImage.framework; sourceTree = SDKROOT; };
		E9305D229FBA3B8EC6854577 /* StageScreen.swift */ = {isa = PBXFileReference; lastKnownFileType = sourcecode.swift; path = StageScreen.swift; sourceTree = "<group>"; };
		EB3CFD9074943CC8F73C637C /* AVFoundation.framework */ = {isa = PBXFileReference; lastKnownFileType = wrapper.framework; name = AVFoundation.framework; path = System/Library/Frameworks/AVFoundation.framework; sourceTree = SDKROOT; };
		ECEAD362FE5313C14713663D /* SimplePlaybackApp.swift */ = {isa = PBXFileReference; lastKnownFileType = sourcecode.swift; path = SimplePlaybackApp.swift; sourceTree = "<group>"; };
		F0336D644737BA64EE43F017 /* AutosaveCheckpointerTests.swift */ = {isa = PBXFileReference; lastKnownFileType = sourcecode.swift; path = AutosaveCheckpointerTests.swift; sourceTree = "<group>"; };
		F13F77220235167A2E3CF142 /* AnimatedImageInspectorTests.swift */ = {isa = PBXFileReference; lastKnownFileType = sourcecode.swift; path = AnimatedImageInspectorTests.swift; sourceTree = "<group>"; };
		F1E1F27FCEA1C60E3C601307 /* AppIcon.icon */ = {isa = PBXFileReference; lastKnownFileType = wrapper.icon; path = AppIcon.icon; sourceTree = "<group>"; };
		F6165CF8D46336C43A3A1AD5 /* MediaReferenceTests.swift */ = {isa = PBXFileReference; lastKnownFileType = sourcecode.swift; path = MediaReferenceTests.swift; sourceTree = "<group>"; };
		F69D8058E585303C53CD3E3F /* PreShowCheckFixHandlersTests.swift */ = {isa = PBXFileReference; lastKnownFileType = sourcecode.swift; path = PreShowCheckFixHandlersTests.swift; sourceTree = "<group>"; };
		F70C941729E2A67C95AD9886 /* TakeHistory.swift */ = {isa = PBXFileReference; lastKnownFileType = sourcecode.swift; path = TakeHistory.swift; sourceTree = "<group>"; };
		F8536D230F07A5A41DD22032 /* MediaImportFailureTests.swift */ = {isa = PBXFileReference; lastKnownFileType = sourcecode.swift; path = MediaImportFailureTests.swift; sourceTree = "<group>"; };
		F992212CAFFC42953E99C15B /* AssetRelinkPlanTests.swift */ = {isa = PBXFileReference; lastKnownFileType = sourcecode.swift; path = AssetRelinkPlanTests.swift; sourceTree = "<group>"; };
		FD749649E2DEED56E2B8C243 /* CueRuntime.swift */ = {isa = PBXFileReference; lastKnownFileType = sourcecode.swift; path = CueRuntime.swift; sourceTree = "<group>"; };
		FF79938EE267D36AF458C582 /* MediaFlagsTests.swift */ = {isa = PBXFileReference; lastKnownFileType = sourcecode.swift; path = MediaFlagsTests.swift; sourceTree = "<group>"; };
/* End PBXFileReference section */

/* Begin PBXFrameworksBuildPhase section */
		BD981321A91BB26AF9EE93BE /* Frameworks */ = {
			isa = PBXFrameworksBuildPhase;
			buildActionMask = 2147483647;
			files = (
				54CEA8F876D2A59653C1D8EE /* Sparkle in Frameworks */,
				BFE5FEA90AEA11BD597BEC0C /* AVFoundation.framework in Frameworks */,
				9293FC94ADE051275861BFE8 /* AVKit.framework in Frameworks */,
				F6777B6986F9083E1C779BD2 /* CoreImage.framework in Frameworks */,
				6F6A42339FF9969C2E1E73C2 /* PDFKit.framework in Frameworks */,
				FC32EE8637C41BE54C785AF4 /* UniformTypeIdentifiers.framework in Frameworks */,
			);
			runOnlyForDeploymentPostprocessing = 0;
		};
/* End PBXFrameworksBuildPhase section */

/* Begin PBXGroup section */
		0A02FCE5513A2219D4B41DDA /* Playback */ = {
			isa = PBXGroup;
			children = (
				3906CB66B7CA3652EABFE931 /* AudioPump.swift */,
				3901F80946826E57A5B02934 /* CompositorPipeline.swift */,
				FD749649E2DEED56E2B8C243 /* CueRuntime.swift */,
				A45B0A7CB7DDDC72B747F7C8 /* FrameRenderer.swift */,
				8A5E1B676CDA189E4C8C26CB /* PlaybackController.swift */,
				87395AF6ACFB3496B47EFFB3 /* ShowController.swift */,
				4FFDD7785740559EEB94F4CA /* SPFrameBlend.c */,
				39A90630AF349E25D5676488 /* SPFrameBlend.h */,
			);
			path = Playback;
			sourceTree = "<group>";
		};
		11250D7404D7981A217881B1 /* Output */ = {
			isa = PBXGroup;
			children = (
				74F6B96FEA30A03C2D3B1FBB /* DeckLinkBridge.h */,
				B637A693F1741DD785724AAE /* DeckLinkBridge.mm */,
				CF97362F36D6ED17D41359D2 /* DeckLinkDiagnostics.swift */,
				E1B3AC760F776AC4DDC6B0F9 /* DeckLinkSDK.h */,
				9E8B4217656574F74350F1FF /* DeckLinkSDKDispatch.cpp */,
				B9392E6B9D0468959B74A1F9 /* TransportSink.swift */,
				63903ACF2604D9E2128B0F6C /* TransportSinks.swift */,
				CF2597FFE1CB9927C6CB6395 /* VideoOutput.swift */,
			);
			path = Output;
			sourceTree = "<group>";
		};
		2FF847F35B8B33E9C1790D62 = {
			isa = PBXGroup;
			children = (
				CFD4C371E2569FA9146F4D08 /* Simple Playback */,
				5DCAA6C450AB6D61658449BB /* Simple PlaybackTests */,
				B08772CC5E71FF97DB76D4C3 /* Frameworks */,
				618081300A9C624D3B7A5428 /* Products */,
			);
			sourceTree = "<group>";
		};
		51C46C9B2315F58C75838CA9 /* Views */ = {
			isa = PBXGroup;
			children = (
				BAB7AC40249EC7B2A4951E24 /* AddFolderImportSheet.swift */,
				D38F9625D50B1A0F19983F41 /* BundleForTravelSheet.swift */,
				95B1D23335E9E0BF80F8D959 /* CrashRecoveryBannerView.swift */,
				41F6421D7CBD102AC8875CC6 /* ImportStatusBanner.swift */,
				0BC0B853C12B46AB64798C9D /* InspectorView.swift */,
				1081E23773E064CD4085FF88 /* MissingMediaBannerView.swift */,
				50CF28D157920076A3C82649 /* OutputInspectorView.swift */,
				5D0C8298731E2AD4C22B2306 /* OutputPreviewView.swift */,
				27589625C8FC5B053A3F725C /* OutputStatusBar.swift */,
				2B85E5A857820D320657302C /* OverlayInspectorView.swift */,
				95005D52A657E2A60F9E2008 /* PreShowCheckView.swift */,
				860D5CCBF5209A73B62CBA8F /* ProjectLockBannerView.swift */,
				213CB5AEDC97C0942C10558F /* RootView.swift */,
				4040F3064AA861BCD17050FB /* ShowListView.swift */,
				332208860C29B553E0BE52D0 /* ShowLogView.swift */,
				75B620D6408556D32380C918 /* SlideGridView.swift */,
				CB8BD5680FB164FC1D82CBA7 /* TakeHistoryView.swift */,
			);
			path = Views;
			sourceTree = "<group>";
		};
		5BFBB06B9DEAD094F0552AE7 /* Models */ = {
			isa = PBXGroup;
			children = (
				6214E79B299E7C7AB111C790 /* CompositorLayers.swift */,
				1C201B22E860FB94D92CA433 /* FrameRateConformance.swift */,
				93004BE1F2BECBBF122DB00C /* MediaFlags.swift */,
				569A548ECCAC07CC9E9B92D2 /* MediaModels.swift */,
				29F9DCDACFB1E27A47F7D0DE /* SimplePlaybackDocument.swift */,
				BAB740EFC960FD945A655941 /* SimplePlaybackProjectDocument.swift */,
				E9305D229FBA3B8EC6854577 /* StageScreen.swift */,
			);
			path = Models;
			sourceTree = "<group>";
		};
		5DCAA6C450AB6D61658449BB /* Simple PlaybackTests */ = {
			isa = PBXGroup;
			children = (
				0989D3568265E79CF99893F5 /* AddFolderImporterTests.swift */,
				F13F77220235167A2E3CF142 /* AnimatedImageInspectorTests.swift */,
				84A7FA109AFD06BDF513E0D8 /* AssetFingerprinterTests.swift */,
				64770F5436DE8DAF65E696DF /* AssetLibraryProbeTests.swift */,
				F992212CAFFC42953E99C15B /* AssetRelinkPlanTests.swift */,
				6BF01B25D49F0D899EA2AE22 /* AudioDeviceProbeTests.swift */,
				F0336D644737BA64EE43F017 /* AutosaveCheckpointerTests.swift */,
				733E939A782AEA845A2B7F10 /* BundleForTravelCoordinatorTests.swift */,
				BBA2DABFD5EE282A4CC471FC /* BundleForTravelPlanTests.swift */,
				21271656A4CCF6A5AD4E2940 /* CompositorPipelineTests.swift */,
				202509882DEF106561761E6D /* CrashRecoveryControllerTests.swift */,
				28F1823003EC72E1D46610F5 /* CrashRecoveryDetectorTests.swift */,
				1E692236531010FF9478D341 /* DebouncerTests.swift */,
				532651899A2D97DB1134F636 /* DroppedFrameCounterTests.swift */,
				B09A6E0D2794272C8FBB0987 /* EnergyAssertionTests.swift */,
				0054C1DB191C23C6138BCACC /* FilmstripCoordinatorTests.swift */,
				55CBCF96BB663B7A4A87D0D5 /* FilmstripGeneratorTests.swift */,
				42A7161E143DF74B913CE363 /* FolderBookmarkTests.swift */,
				22C8342BEF86901A52B41C81 /* FrameRateConformanceTests.swift */,
				48D597C7D54010FC1E62D378 /* ImageSequenceDetectorTests.swift */,
				5DE55003A493F69B338D09BA /* ImageSequenceEncodeCoordinatorTests.swift */,
				06A94FE5F5AA25EE58FF77A3 /* ImageSequenceEncoderTests.swift */,
				B133348CF010D337CDA988A0 /* ImportStatusBannerTests.swift */,
				38F7D1388C31CB5FF57645DA /* KeynoteImporterTests.swift */,
				3253B3FD3FAC0C281019B377 /* LateTakeDetectorTests.swift */,
				FF79938EE267D36AF458C582 /* MediaFlagsTests.swift */,
				44FE6246D0C933DEF915F45A /* MediaImporterFilmstripTests.swift */,
				A403820A52154533BFBFE661 /* MediaImporterFingerprintTests.swift */,
				0C5D785F3003D2ACB7542065 /* MediaImporterFolderBookmarkTests.swift */,
				4938DA35785910BBFF3391DD /* MediaImporterKeynoteTests.swift */,
				A62C4E147CCC6686312E0815 /* MediaImporterPDFTests.swift */,
				0B48466BEBD802E32083CC7A /* MediaImporterThumbnailTests.swift */,
				F8536D230F07A5A41DD22032 /* MediaImportFailureTests.swift */,
				F6165CF8D46336C43A3A1AD5 /* MediaReferenceTests.swift */,
				468656BDF709EEBAD0CE9B9F /* MediaResolverTests.swift */,
				80E043D10C05A45834D8AF3A /* MissingMediaBannerViewTests.swift */,
				773B6424E99EBEA84CB2027B /* ModelTests.swift */,
				0A0971F0E4FF56FD74F21EC0 /* OutputStatusBarTests.swift */,
				CAD1EB0DEF2FFFA7B96C902D /* OverlayInspectorTests.swift */,
				B631D588B2455E3C2C9EE89C /* PDFImporterTests.swift */,
				6084981086D7D70B8E87C69E /* PendingFolderImportTests.swift */,
				50C07D5C65BD28D34CB0463D /* PlaybackControllerCueFireTests.swift */,
				F69D8058E585303C53CD3E3F /* PreShowCheckFixHandlersTests.swift */,
				D930FD6914035D4FEAC331A2 /* PreShowCheckTests.swift */,
				7207C062BAE86A22C6BC8983 /* ProjectLockControllerTests.swift */,
				94369DD345B9DD7E2DEC1F0E /* ProjectLockFileTests.swift */,
				0E47E51BD45087956CCF2905 /* ShowControlIntegrationTests.swift */,
				584B35FFA22C0473DD0D81CB /* ShowControllerDroppedFrameLogTests.swift */,
				895675B96A46871F5FABD3B8 /* ShowControllerLateTakeLogTests.swift */,
				DBE4B045C1C58A97ED08C4B9 /* ShowControllerLogTests.swift */,
				237C1358E779CC8F8EBA839E /* ShowControlTests.swift */,
				B29CDDBD1A7CD4394C852378 /* ShowLogFilterTests.swift */,
				BB5E45F95D97440E499B624D /* ShowLogTests.swift */,
				25E49DE589201558F6BF9431 /* SlideGridViewThumbnailFallbackTests.swift */,
				8E99FC3B24835175EF3BD62E /* TakeHistoryTests.swift */,
				B3957B7B340D482CC18D8F16 /* ThumbnailGeneratorTests.swift */,
				633EE3FAB29225F6222E52AB /* TranscodeCoordinatorTests.swift */,
				9A70EA9D270E7268A7C74D62 /* TranscodeServiceTests.swift */,
				24668879F6BB6C3E4ED2C3F5 /* TransportSinkTests.swift */,
			);
			path = "Simple PlaybackTests";
			sourceTree = "<group>";
		};
		618081300A9C624D3B7A5428 /* Products */ = {
			isa = PBXGroup;
			children = (
				B55CC65960D79FA6ECC0214F /* Simple Playback.app */,
				A66F04C7C7C26DBC9EA69F81 /* Simple PlaybackTests.xctest */,
			);
			name = Products;
			sourceTree = "<group>";
		};
		7B7D8CB4CEB91D27E0F10A91 /* Support */ = {
			isa = PBXGroup;
			children = (
				F1E1F27FCEA1C60E3C601307 /* AppIcon.icon */,
				9E5D5CE935540C98B6BAAAEF /* Assets.xcassets */,
				7AABB7CD8A197ED38F964D63 /* Info.plist */,
				CA6758AB37C36BC8F192C9C3 /* SimplePlayback-Bridging-Header.h */,
				364D651E1585BC12FAC85DC1 /* SimplePlayback.entitlements */,
			);
			path = Support;
			sourceTree = "<group>";
		};
		B08772CC5E71FF97DB76D4C3 /* Frameworks */ = {
			isa = PBXGroup;
			children = (
				EB3CFD9074943CC8F73C637C /* AVFoundation.framework */,
				92D6FAD99797FC3C21DA725E /* AVKit.framework */,
				E66F934F6D6C5561905E6550 /* CoreImage.framework */,
				3A471C6C5C78FE638539C5C7 /* PDFKit.framework */,
				D8CA5B1A327E84EEA75F0B9F /* UniformTypeIdentifiers.framework */,
			);
			name = Frameworks;
			sourceTree = "<group>";
		};
		CFD4C371E2569FA9146F4D08 /* Simple Playback */ = {
			isa = PBXGroup;
			children = (
				D2658B37327DFE964F91ECA9 /* App */,
				5BFBB06B9DEAD094F0552AE7 /* Models */,
				11250D7404D7981A217881B1 /* Output */,
				0A02FCE5513A2219D4B41DDA /* Playback */,
				E90F62939082F88EED632467 /* Services */,
				DC2BEDACC41A1D79BF9F0969 /* ShowControl */,
				7B7D8CB4CEB91D27E0F10A91 /* Support */,
				51C46C9B2315F58C75838CA9 /* Views */,
			);
			path = "Simple Playback";
			sourceTree = "<group>";
		};
		D2658B37327DFE964F91ECA9 /* App */ = {
			isa = PBXGroup;
			children = (
				ECEAD362FE5313C14713663D /* SimplePlaybackApp.swift */,
			);
			path = App;
			sourceTree = "<group>";
		};
		DC2BEDACC41A1D79BF9F0969 /* ShowControl */ = {
			isa = PBXGroup;
			children = (
				DBA2A137EBDAA8855CAA24A2 /* AuthTokenStore.swift */,
				0ACFD5B151F32CFDFFECCB68 /* BonjourPublisher.swift */,
				189C4C83922BF987A389D797 /* HTTPRequest.swift */,
				01C17ADD674250609276D8A4 /* HTTPRoutes.swift */,
				7B4EF3D125520DB5F0C1F703 /* HTTPServer.swift */,
				AA2109CBF6D66866EB07681F /* InternalTimecodeGenerator.swift */,
				0AAABB8C041A4E6DF8BE8685 /* LTCDecoder.swift */,
				934A545F270968E04F027F8B /* LTCReader.swift */,
				AFB3106A106C37E4EE56BC7E /* MTCReader.swift */,
				00712F270D3EB78020694E87 /* OSCAddressMap.swift */,
				473B7534956D23833D7E61BD /* OSCMessage.swift */,
				96F3960B5C5F817DFB3377D4 /* OSCQueryServer.swift */,
				BBBA363D1C04A7119011031E /* OSCServer.swift */,
				6CD51FEB5E50862496E8A6BA /* ShowControlActions.swift */,
				70B339087E0F91F6B7504F6D /* ShowControlDispatcher.swift */,
				474A0C6ABB641B1CA5416495 /* ShowControlHub.swift */,
				6023F5FCD12A96AE5EAD4313 /* ShowControlStack.swift */,
				8FD2B422FED7E9102FAEA3D2 /* ShowControlState.swift */,
				A13557C5F98007D62499B140 /* StateSnapshotEncoder.swift */,
				6A4A7CF3D1DF29B837A0BF44 /* SubscriptionPump.swift */,
				206A8DDCD4F82FF85D3587EC /* SubscriptionRegistry.swift */,
				C0BC03657660E157633D31C6 /* Timecode.swift */,
				93727D6450DEE3ED3934DA97 /* WebSocketFrame.swift */,
			);
			path = ShowControl;
			sourceTree = "<group>";
		};
		E90F62939082F88EED632467 /* Services */ = {
			isa = PBXGroup;
			children = (
				8C41349B62BEDC6D03ED0DA6 /* AddFolderImporter.swift */,
				AB44C4BE122979080B759770 /* AnimatedImageInspector.swift */,
				6A836746B1484C724C362CAE /* AssetFingerprinter.swift */,
				D6A8BE27C4F2CAA54E827EC3 /* AssetLibraryProbe.swift */,
				A48741BAA260FA2E3B3E93ED /* AssetRelinkPlan.swift */,
				9FC38AB74DB5321128E72E79 /* AudioDeviceProbe.swift */,
				18F5B52C774E8E6CC0899D9C /* AutosaveCheckpointer.swift */,
				3A0938EC4100E4EC1F247B73 /* BundleForTravelCoordinator.swift */,
				959E8FA27281A1515AEF705C /* BundleForTravelPlan.swift */,
				0D46390F473701690C95CF1E /* CrashRecoveryDetector.swift */,
				BFFF4C270918BFE5D70A374A /* Debouncer.swift */,
				A4758CF8E9891007D793354E /* DroppedFrameCounter.swift */,
				32E04427E697B0F4238C1C4C /* EnergyAssertion.swift */,
				4C464E7C3A355CB93D5C25FC /* FilmstripCoordinator.swift */,
				494E2E6E35E9CF59293D1176 /* FilmstripGenerator.swift */,
				6FD2EFC1C287DD9480AF2D2F /* ImageSequenceDetector.swift */,
				2D06F636A6229A0C418EE285 /* ImageSequenceEncoder.swift */,
				D2A8691862AC8AE01B87203D /* KeynoteImporter.swift */,
				36644DFC532BA927F6C827DA /* LateTakeDetector.swift */,
				BD3490C4BA5C4A09BDBF9415 /* MediaFlagsInspector.swift */,
				B328F432BC7CCB991A9A8373 /* MediaImporter.swift */,
				2762065E2D1FE5D3F052F8FF /* MediaImportFailure.swift */,
				565CD1F5339683D2539E806C /* MediaResolver.swift */,
				45BCD3E72BF9F52C2653862E /* PDFImporter.swift */,
				5B45DD8149F1F904849FDFC2 /* PreShowCheck.swift */,
				0781CD54E510EE56EFE80A9D /* PreShowCheckAdapters.swift */,
				0C5CF912A93B1EB5CA657689 /* PreShowCheckFixHandlers.swift */,
				C80C047EF3A91E748BF5DB47 /* ProjectLockFile.swift */,
				AE5337B42A540319366F02D3 /* ShowLog.swift */,
				F70C941729E2A67C95AD9886 /* TakeHistory.swift */,
				2EC27D99E4F7116EE8C011D1 /* ThumbnailGenerator.swift */,
				BB90370BA34D673675815F69 /* TranscodeService.swift */,
			);
			path = Services;
			sourceTree = "<group>";
		};
/* End PBXGroup section */

/* Begin PBXNativeTarget section */
		254E6CD3CFEEA6DCF7804E5B /* Simple Playback */ = {
			isa = PBXNativeTarget;
			buildConfigurationList = D04341920E2699469CCD5B32 /* Build configuration list for PBXNativeTarget "Simple Playback" */;
			buildPhases = (
				075A893A2C94E6CCA7FDD128 /* Sources */,
				3A4BDE390AF8A8B3478239F7 /* Resources */,
				BD981321A91BB26AF9EE93BE /* Frameworks */,
			);
			buildRules = (
			);
			dependencies = (
			);
			name = "Simple Playback";
			packageProductDependencies = (
				4213C51E238E88088B4700FC /* Sparkle */,
			);
			productName = "Simple Playback";
			productReference = B55CC65960D79FA6ECC0214F /* Simple Playback.app */;
			productType = "com.apple.product-type.application";
		};
		867D1334612645B439F74D61 /* Simple PlaybackTests */ = {
			isa = PBXNativeTarget;
			buildConfigurationList = 961D6268C048175B110823BF /* Build configuration list for PBXNativeTarget "Simple PlaybackTests" */;
			buildPhases = (
				2FABA73C4E6BEA67C640756E /* Sources */,
			);
			buildRules = (
			);
			dependencies = (
				CBADD1E464D0DC34112E586D /* PBXTargetDependency */,
			);
			name = "Simple PlaybackTests";
			packageProductDependencies = (
			);
			productName = "Simple PlaybackTests";
			productReference = A66F04C7C7C26DBC9EA69F81 /* Simple PlaybackTests.xctest */;
			productType = "com.apple.product-type.bundle.unit-test";
		};
/* End PBXNativeTarget section */

/* Begin PBXProject section */
		761E44A1E89376BF8C2B320F /* Project object */ = {
			isa = PBXProject;
			attributes = {
				BuildIndependentTargetsInParallel = YES;
				LastUpgradeCheck = 1430;
				TargetAttributes = {
					254E6CD3CFEEA6DCF7804E5B = {
						DevelopmentTeam = QZ3D4MK87J;
					};
				};
			};
			buildConfigurationList = F18EC9012A6F4001A5360CE8 /* Build configuration list for PBXProject "Simple Playback" */;
			developmentRegion = en;
			hasScannedForEncodings = 0;
			knownRegions = (
				Base,
				en,
			);
			mainGroup = 2FF847F35B8B33E9C1790D62;
			minimizedProjectReferenceProxies = 1;
			packageReferences = (
				34C03226A738EABC9D494A05 /* XCRemoteSwiftPackageReference "Sparkle" */,
			);
			preferredProjectObjectVersion = 77;
			productRefGroup = 618081300A9C624D3B7A5428 /* Products */;
			projectDirPath = "";
			projectRoot = "";
			targets = (
				254E6CD3CFEEA6DCF7804E5B /* Simple Playback */,
				867D1334612645B439F74D61 /* Simple PlaybackTests */,
			);
		};
/* End PBXProject section */

/* Begin PBXResourcesBuildPhase section */
		3A4BDE390AF8A8B3478239F7 /* Resources */ = {
			isa = PBXResourcesBuildPhase;
			buildActionMask = 2147483647;
			files = (
				B69CE1461F740680651EFC39 /* AppIcon.icon in Resources */,
				7903F319F280ADCB53522EA0 /* Assets.xcassets in Resources */,
			);
			runOnlyForDeploymentPostprocessing = 0;
		};
/* End PBXResourcesBuildPhase section */

/* Begin PBXSourcesBuildPhase section */
		075A893A2C94E6CCA7FDD128 /* Sources */ = {
			isa = PBXSourcesBuildPhase;
			buildActionMask = 2147483647;
			files = (
				875D909F07AAF19E396A7C69 /* AddFolderImportSheet.swift in Sources */,
				05124FD2A6536D48F63AD2C9 /* AddFolderImporter.swift in Sources */,
				E047E0CE35C78C80772F54ED /* AnimatedImageInspector.swift in Sources */,
				0F6668050A5A92F167EDBDE6 /* AssetFingerprinter.swift in Sources */,
				3521635B244D202E961AE299 /* AssetLibraryProbe.swift in Sources */,
				725E4C99746B6B0CB8EB5A55 /* AssetRelinkPlan.swift in Sources */,
				A73BB158118BD8B447BB9015 /* AudioDeviceProbe.swift in Sources */,
				62CDF088556B0DAA473AC800 /* AudioPump.swift in Sources */,
				44E0E08A26F3691D8E7A2C44 /* AuthTokenStore.swift in Sources */,
				02967ABCE0AAFA316D52DA49 /* AutosaveCheckpointer.swift in Sources */,
				11F48F224E2E07F3A2CD4894 /* BonjourPublisher.swift in Sources */,
				3D1CF70C2CF630DC443A79BF /* BundleForTravelCoordinator.swift in Sources */,
				1347EF040A9255D95C7A5C1A /* BundleForTravelPlan.swift in Sources */,
				7C4BF6FFFDA26DABFDAB1DD9 /* BundleForTravelSheet.swift in Sources */,
				EDB3E5ED1721A22A5B31024C /* CompositorLayers.swift in Sources */,
				60D24C84B7A425B9412B95C9 /* CompositorPipeline.swift in Sources */,
				C304C03B3716404CB35470F4 /* CrashRecoveryBannerView.swift in Sources */,
				BD79C43642E7C9DDE1F393AD /* CrashRecoveryDetector.swift in Sources */,
				5B7913C72F3E6AF0B894DE59 /* CueRuntime.swift in Sources */,
				558FCEAA96967C99AA776C3F /* Debouncer.swift in Sources */,
				C9842DF5C4DF8FAA50B74011 /* DeckLinkBridge.mm in Sources */,
				4A94C48FF22B0552314D441E /* DeckLinkDiagnostics.swift in Sources */,
				DF9D9D2A7D5D102CC20FCD95 /* DeckLinkSDKDispatch.cpp in Sources */,
				388AA05ED53476DBD72A4554 /* DroppedFrameCounter.swift in Sources */,
				0591BDE7845DD83E323D1CC1 /* EnergyAssertion.swift in Sources */,
				265DF5E6C31354A2496F13C9 /* FilmstripCoordinator.swift in Sources */,
				D1EE64AA6E2B3B97F7A8CD8D /* FilmstripGenerator.swift in Sources */,
				61B1311538DACF01A1A47603 /* FrameRateConformance.swift in Sources */,
				5602C3EC7F566873E1629051 /* FrameRenderer.swift in Sources */,
				AD31546ACCAED84FF1D140D4 /* HTTPRequest.swift in Sources */,
				91592F7DACBD58D4C6BBE0F2 /* HTTPRoutes.swift in Sources */,
				7D6E9D5D91681AA09335F8F9 /* HTTPServer.swift in Sources */,
				42289D3F33304D521AADB51B /* ImageSequenceDetector.swift in Sources */,
				C243D56CE0D5D5610E8F2ECE /* ImageSequenceEncoder.swift in Sources */,
				873129B7192207BD8E22D111 /* ImportStatusBanner.swift in Sources */,
				C02D1DDF70B419255097C42E /* InspectorView.swift in Sources */,
				C120F1AED083BE5B83E60533 /* InternalTimecodeGenerator.swift in Sources */,
				467C57350783EEECC0DC7DFE /* KeynoteImporter.swift in Sources */,
				1FA47C61D92B5CF6AFD91783 /* LTCDecoder.swift in Sources */,
				A34CA8E22BA04CC530DD0597 /* LTCReader.swift in Sources */,
				0B40A9AB324314B9E303FC69 /* LateTakeDetector.swift in Sources */,
				73DBCDAA4262F2AFB8237FC4 /* MTCReader.swift in Sources */,
				4986A9905EB62FFA630409BD /* MediaFlags.swift in Sources */,
				1B0E8B82E949A483E4B42B8A /* MediaFlagsInspector.swift in Sources */,
				0DC6F58F420AAD20BD0336A5 /* MediaImportFailure.swift in Sources */,
				A81F8D8813F0437F211EF445 /* MediaImporter.swift in Sources */,
				154CB32BBDF7469F91B49587 /* MediaModels.swift in Sources */,
				29BC354B34D369ED5CFB52AB /* MediaResolver.swift in Sources */,
				2E5DF9B07AD9660C0E9C3509 /* MissingMediaBannerView.swift in Sources */,
				6B7B4C3468690A6CA15DBD56 /* OSCAddressMap.swift in Sources */,
				02E7848C2C617A208282F42A /* OSCMessage.swift in Sources */,
				C7A4EDB0BDB83897190B4A25 /* OSCQueryServer.swift in Sources */,
				8E0250619812CB053444052C /* OSCServer.swift in Sources */,
				F716F5B63074FD21302982EE /* OutputInspectorView.swift in Sources */,
				EAA4BC2642696555F131F8BE /* OutputPreviewView.swift in Sources */,
				1624805A1FF72880895DDB5A /* OutputStatusBar.swift in Sources */,
				4536CC9B693175B1A31F6425 /* OverlayInspectorView.swift in Sources */,
				E9E3C51A99F9323FE1D530DC /* PDFImporter.swift in Sources */,
				28C1335FD15B6AE87DD31AB3 /* PlaybackController.swift in Sources */,
				DE5FE0EC53035F43FFA246E0 /* PreShowCheck.swift in Sources */,
				521136DC8B0B2D5FFF8C7474 /* PreShowCheckAdapters.swift in Sources */,
				D38368F7F25F022BC131466F /* PreShowCheckFixHandlers.swift in Sources */,
				DE590B021826D8B2C652636D /* PreShowCheckView.swift in Sources */,
				B48DB4DA5F28D7017F2E8EED /* ProjectLockBannerView.swift in Sources */,
				882EA1E29B7F55A0467B7A44 /* ProjectLockFile.swift in Sources */,
				020E6C3D173AD7E05AC7A15A /* RootView.swift in Sources */,
				4D7E6C165E984434FD9A4BB0 /* SPFrameBlend.c in Sources */,
				976DD722059E40449CB77621 /* ShowControlActions.swift in Sources */,
				606D52F6D2E3F0F49B4DD22E /* ShowControlDispatcher.swift in Sources */,
				27C597830A79418BECCDFEC6 /* ShowControlHub.swift in Sources */,
				11107495CED0238B67C8D7AC /* ShowControlStack.swift in Sources */,
				F52CA35701C089E08D0BFDCB /* ShowControlState.swift in Sources */,
				2E94C7044EE3CF2C00F39C69 /* ShowController.swift in Sources */,
				A73C56A196D7FCFABC2C00F2 /* ShowListView.swift in Sources */,
				9877245F6768C2BD0B636B31 /* ShowLog.swift in Sources */,
				5B885964A9D26E13264F5D97 /* ShowLogView.swift in Sources */,
				67765CD777AA4E30553D4126 /* SimplePlaybackApp.swift in Sources */,
				9525CC03694D231B2D50683E /* SimplePlaybackDocument.swift in Sources */,
				51CA5DA530C6B560FA1A7989 /* SimplePlaybackProjectDocument.swift in Sources */,
				3E21186036951CC387B69F2E /* SlideGridView.swift in Sources */,
				AC4ED3FB70B05A49DBA8AA3A /* StageScreen.swift in Sources */,
				54E5A1988F51C1AE8DE5B42A /* StateSnapshotEncoder.swift in Sources */,
				E5DFE39B8CB8514358205B8E /* SubscriptionPump.swift in Sources */,
				67058819C3FE046151E4BCAD /* SubscriptionRegistry.swift in Sources */,
				4402C1426C53FCDF22C994A6 /* TakeHistory.swift in Sources */,
				CF2B6D1FC25294D4BA272CA5 /* TakeHistoryView.swift in Sources */,
				8A66CC19DA499B41975B8B51 /* ThumbnailGenerator.swift in Sources */,
				9693BB1ACC35C9F34674A4A2 /* Timecode.swift in Sources */,
				F4D353B47C138FF5ACA1CCC2 /* TranscodeService.swift in Sources */,
				ABA983A9D89AD460EE548AF4 /* TransportSink.swift in Sources */,
				2AE84FFB58E06C9A60B6C982 /* TransportSinks.swift in Sources */,
				CF0020C246A6F8DF7BC4B6D6 /* VideoOutput.swift in Sources */,
				54A9764CA77C6FE799CDDC71 /* WebSocketFrame.swift in Sources */,
			);
			runOnlyForDeploymentPostprocessing = 0;
		};
		2FABA73C4E6BEA67C640756E /* Sources */ = {
			isa = PBXSourcesBuildPhase;
			buildActionMask = 2147483647;
			files = (
				497003F120EE87DE50995F6E /* AddFolderImporterTests.swift in Sources */,
				2802ED3F9310BC405ED40764 /* AnimatedImageInspectorTests.swift in Sources */,
				9AE825B362AF4C86B1F012C2 /* AssetFingerprinterTests.swift in Sources */,
				307853A947C458651756A1C8 /* AssetLibraryProbeTests.swift in Sources */,
				DCEF69E2DA847BEBC9534552 /* AssetRelinkPlanTests.swift in Sources */,
				458E7CD285F738A458DE28C1 /* AudioDeviceProbeTests.swift in Sources */,
				1D2DA3CD426E79C87480A852 /* AutosaveCheckpointerTests.swift in Sources */,
				6AE31265A9E2FB712498B867 /* BundleForTravelCoordinatorTests.swift in Sources */,
				1EC3502B7A2008F401A9D081 /* BundleForTravelPlanTests.swift in Sources */,
				DCABF0FFCC0E6E0596173F64 /* CompositorPipelineTests.swift in Sources */,
				CA516B0F7DE435ECB02646C6 /* CrashRecoveryControllerTests.swift in Sources */,
				A495088FE7143EE70B129749 /* CrashRecoveryDetectorTests.swift in Sources */,
				1BEEEFB78A25573C4443FFD0 /* DebouncerTests.swift in Sources */,
				71A74B61F50A3AAF221FC2C2 /* DroppedFrameCounterTests.swift in Sources */,
				0F2D0CF9F6B7620C44F4BFDA /* EnergyAssertionTests.swift in Sources */,
				9E2452F0AAD43DAC0C2D0955 /* FilmstripCoordinatorTests.swift in Sources */,
				524250895D1631045605F062 /* FilmstripGeneratorTests.swift in Sources */,
				7B00B494199CCC3043F2B607 /* FolderBookmarkTests.swift in Sources */,
				4C060BE294B7C9A97DBA4FBE /* FrameRateConformanceTests.swift in Sources */,
				EE3870434C944DFB877D89F7 /* ImageSequenceDetectorTests.swift in Sources */,
				D2D87259CFD1B81F53DBC0C8 /* ImageSequenceEncodeCoordinatorTests.swift in Sources */,
				2EA37A6EB9345C916205962D /* ImageSequenceEncoderTests.swift in Sources */,
				46F067BBC06E93A8F2D556E9 /* ImportStatusBannerTests.swift in Sources */,
				92C91C709C683B4675395127 /* KeynoteImporterTests.swift in Sources */,
				021F737CF297A4C99FD6FBE7 /* LateTakeDetectorTests.swift in Sources */,
				D93CCBEA7AE13AB4FC44F4F3 /* MediaFlagsTests.swift in Sources */,
				CCCB5A1DDC2A8EF972427BB8 /* MediaImportFailureTests.swift in Sources */,
				860485EB83C52AF7C3E0AC37 /* MediaImporterFilmstripTests.swift in Sources */,
				EBD764F8E39D94B5858A883B /* MediaImporterFingerprintTests.swift in Sources */,
				2251CDA73663DEF75FE4A3BE /* MediaImporterFolderBookmarkTests.swift in Sources */,
				54F7E3B014546AF5E82195C5 /* MediaImporterKeynoteTests.swift in Sources */,
				5F75B62542F32AC37D1B4259 /* MediaImporterPDFTests.swift in Sources */,
				4DFBDAF88FE91DFD25465621 /* MediaImporterThumbnailTests.swift in Sources */,
				2EDFAB97F7CA5EA4D43BA531 /* MediaReferenceTests.swift in Sources */,
				44680BAE91E13A1BAFC098DC /* MediaResolverTests.swift in Sources */,
				5C9AA927729B5E81ECC08170 /* MissingMediaBannerViewTests.swift in Sources */,
				CC37F2E5CFC466A33AA98F58 /* ModelTests.swift in Sources */,
				05B0542CB3BD8AC9F77CEDFA /* OutputStatusBarTests.swift in Sources */,
				DFB8E02D46414DBF7C34D646 /* OverlayInspectorTests.swift in Sources */,
				446ACE51C8F85BB761074619 /* PDFImporterTests.swift in Sources */,
				B0198B8CBF5D9D7897AFAF9F /* PendingFolderImportTests.swift in Sources */,
				A3AB1482852991975ACD5B1E /* PlaybackControllerCueFireTests.swift in Sources */,
				A0C4E2AC793B8B206E6F7128 /* PreShowCheckFixHandlersTests.swift in Sources */,
				E7E0BCCC5F1B98DD0A582010 /* PreShowCheckTests.swift in Sources */,
				99869A4B8562CD2A2D1A69B5 /* ProjectLockControllerTests.swift in Sources */,
				4ADA7C0AFB853BAE909A2382 /* ProjectLockFileTests.swift in Sources */,
				851AE7644559671FB09FD2BD /* ShowControlIntegrationTests.swift in Sources */,
				00EC3572563AA2E459F2489F /* ShowControlTests.swift in Sources */,
				1B306FF235F130F47D674A1E /* ShowControllerDroppedFrameLogTests.swift in Sources */,
				655E09E45B901966E302A824 /* ShowControllerLateTakeLogTests.swift in Sources */,
				8BD2A352FC9B61303CA55D19 /* ShowControllerLogTests.swift in Sources */,
				B015D4752B6E1E5FFA06DC29 /* ShowLogFilterTests.swift in Sources */,
				B36D00350C08A8A28FF15181 /* ShowLogTests.swift in Sources */,
				444F0C09FE4E2C90D210DE4A /* SlideGridViewThumbnailFallbackTests.swift in Sources */,
				730DC9B890EBCCA703C2E2CF /* TakeHistoryTests.swift in Sources */,
				C15C58435EAAB937B007FEDF /* ThumbnailGeneratorTests.swift in Sources */,
				66B172846E254E8FCC806D8B /* TranscodeCoordinatorTests.swift in Sources */,
				4552EA56AF59686AE3373E66 /* TranscodeServiceTests.swift in Sources */,
				9F685F50F961D73764497CED /* TransportSinkTests.swift in Sources */,
			);
			runOnlyForDeploymentPostprocessing = 0;
		};
/* End PBXSourcesBuildPhase section */

/* Begin PBXTargetDependency section */
		CBADD1E464D0DC34112E586D /* PBXTargetDependency */ = {
			isa = PBXTargetDependency;
			target = 254E6CD3CFEEA6DCF7804E5B /* Simple Playback */;
			targetProxy = 73C8F1D94F3EB8A84F20F999 /* PBXContainerItemProxy */;
		};
/* End PBXTargetDependency section */

/* Begin XCBuildConfiguration section */
		3007CD98B886F1B056459246 /* Debug */ = {
			isa = XCBuildConfiguration;
			buildSettings = {
				ASSETCATALOG_COMPILER_APPICON_NAME = AppIcon;
				CODE_SIGN_ENTITLEMENTS = "Simple Playback/Support/SimplePlayback.entitlements";
				COMBINE_HIDPI_IMAGES = YES;
				CURRENT_PROJECT_VERSION = 3;
				DEVELOPMENT_TEAM = QZ3D4MK87J;
				INFOPLIST_FILE = "Simple Playback/Support/Info.plist";
				LD_RUNPATH_SEARCH_PATHS = (
					"$(inherited)",
					"@executable_path/../Frameworks",
				);
				MARKETING_VERSION = 0.1.2;
				PRODUCT_BUNDLE_IDENTIFIER = com.josh.simpleplayback;
				PRODUCT_MODULE_NAME = Simple_Playback;
				PRODUCT_NAME = "Simple Playback";
				SDKROOT = macosx;
				SPARKLE_FEED_URL = "https://joshrogers117.github.io/simple-playback/appcast.xml";
				SPARKLE_PUBLIC_ED_KEY = "WwIwpidfq9zee0P+4LTuFvIY96vjEg1Tip37co2GZHM=";
				SWIFT_OBJC_BRIDGING_HEADER = "Simple Playback/Support/SimplePlayback-Bridging-Header.h";
			};
			name = Debug;
		};
		38B87759994CD0FD0821AC27 /* Release */ = {
			isa = XCBuildConfiguration;
			buildSettings = {
				ASSETCATALOG_COMPILER_APPICON_NAME = AppIcon;
				CODE_SIGN_ENTITLEMENTS = "Simple Playback/Support/SimplePlayback.entitlements";
				COMBINE_HIDPI_IMAGES = YES;
				CURRENT_PROJECT_VERSION = 3;
				DEVELOPMENT_TEAM = QZ3D4MK87J;
				ENABLE_HARDENED_RUNTIME = YES;
				INFOPLIST_FILE = "Simple Playback/Support/Info.plist";
				LD_RUNPATH_SEARCH_PATHS = (
					"$(inherited)",
					"@executable_path/../Frameworks",
				);
				MARKETING_VERSION = 0.1.2;
				PRODUCT_BUNDLE_IDENTIFIER = com.josh.simpleplayback;
				PRODUCT_MODULE_NAME = Simple_Playback;
				PRODUCT_NAME = "Simple Playback";
				SDKROOT = macosx;
				SPARKLE_FEED_URL = "https://joshrogers117.github.io/simple-playback/appcast.xml";
				SPARKLE_PUBLIC_ED_KEY = "WwIwpidfq9zee0P+4LTuFvIY96vjEg1Tip37co2GZHM=";
				SWIFT_OBJC_BRIDGING_HEADER = "Simple Playback/Support/SimplePlayback-Bridging-Header.h";
			};
			name = Release;
		};
		8373D4DFBB0DB3F5BA848B77 /* Release */ = {
			isa = XCBuildConfiguration;
			buildSettings = {
				ALWAYS_SEARCH_USER_PATHS = NO;
				CLANG_ANALYZER_NONNULL = YES;
				CLANG_ANALYZER_NUMBER_OBJECT_CONVERSION = YES_AGGRESSIVE;
				CLANG_CXX_LANGUAGE_STANDARD = "gnu++14";
				CLANG_CXX_LIBRARY = "libc++";
				CLANG_ENABLE_MODULES = YES;
				CLANG_ENABLE_OBJC_ARC = YES;
				CLANG_ENABLE_OBJC_WEAK = YES;
				CLANG_WARN_BLOCK_CAPTURE_AUTORELEASING = YES;
				CLANG_WARN_BOOL_CONVERSION = YES;
				CLANG_WARN_COMMA = YES;
				CLANG_WARN_CONSTANT_CONVERSION = YES;
				CLANG_WARN_DEPRECATED_OBJC_IMPLEMENTATIONS = YES;
				CLANG_WARN_DIRECT_OBJC_ISA_USAGE = YES_ERROR;
				CLANG_WARN_DOCUMENTATION_COMMENTS = YES;
				CLANG_WARN_EMPTY_BODY = YES;
				CLANG_WARN_ENUM_CONVERSION = YES;
				CLANG_WARN_INFINITE_RECURSION = YES;
				CLANG_WARN_INT_CONVERSION = YES;
				CLANG_WARN_NON_LITERAL_NULL_CONVERSION = YES;
				CLANG_WARN_OBJC_IMPLICIT_RETAIN_SELF = YES;
				CLANG_WARN_OBJC_LITERAL_CONVERSION = YES;
				CLANG_WARN_OBJC_ROOT_CLASS = YES_ERROR;
				CLANG_WARN_QUOTED_INCLUDE_IN_FRAMEWORK_HEADER = YES;
				CLANG_WARN_RANGE_LOOP_ANALYSIS = YES;
				CLANG_WARN_STRICT_PROTOTYPES = YES;
				CLANG_WARN_SUSPICIOUS_MOVE = YES;
				CLANG_WARN_UNGUARDED_AVAILABILITY = YES_AGGRESSIVE;
				CLANG_WARN_UNREACHABLE_CODE = YES;
				CLANG_WARN__DUPLICATE_METHOD_MATCH = YES;
				COPY_PHASE_STRIP = NO;
				DEBUG_INFORMATION_FORMAT = "dwarf-with-dsym";
				ENABLE_NS_ASSERTIONS = NO;
				ENABLE_STRICT_OBJC_MSGSEND = YES;
				GCC_C_LANGUAGE_STANDARD = gnu11;
				GCC_NO_COMMON_BLOCKS = YES;
				GCC_WARN_64_TO_32_BIT_CONVERSION = YES;
				GCC_WARN_ABOUT_RETURN_TYPE = YES_ERROR;
				GCC_WARN_UNDECLARED_SELECTOR = YES;
				GCC_WARN_UNINITIALIZED_AUTOS = YES_AGGRESSIVE;
				GCC_WARN_UNUSED_FUNCTION = YES;
				GCC_WARN_UNUSED_VARIABLE = YES;
				MACOSX_DEPLOYMENT_TARGET = 26.0;
				MTL_ENABLE_DEBUG_INFO = NO;
				MTL_FAST_MATH = YES;
				PRODUCT_NAME = "$(TARGET_NAME)";
				SDKROOT = macosx;
				SWIFT_COMPILATION_MODE = wholemodule;
				SWIFT_OPTIMIZATION_LEVEL = "-O";
				SWIFT_STRICT_CONCURRENCY = minimal;
				SWIFT_VERSION = 5.0;
			};
			name = Release;
		};
		F36153E1DF0775629A131DAD /* Debug */ = {
			isa = XCBuildConfiguration;
			buildSettings = {
				ALWAYS_SEARCH_USER_PATHS = NO;
				CLANG_ANALYZER_NONNULL = YES;
				CLANG_ANALYZER_NUMBER_OBJECT_CONVERSION = YES_AGGRESSIVE;
				CLANG_CXX_LANGUAGE_STANDARD = "gnu++14";
				CLANG_CXX_LIBRARY = "libc++";
				CLANG_ENABLE_MODULES = YES;
				CLANG_ENABLE_OBJC_ARC = YES;
				CLANG_ENABLE_OBJC_WEAK = YES;
				CLANG_WARN_BLOCK_CAPTURE_AUTORELEASING = YES;
				CLANG_WARN_BOOL_CONVERSION = YES;
				CLANG_WARN_COMMA = YES;
				CLANG_WARN_CONSTANT_CONVERSION = YES;
				CLANG_WARN_DEPRECATED_OBJC_IMPLEMENTATIONS = YES;
				CLANG_WARN_DIRECT_OBJC_ISA_USAGE = YES_ERROR;
				CLANG_WARN_DOCUMENTATION_COMMENTS = YES;
				CLANG_WARN_EMPTY_BODY = YES;
				CLANG_WARN_ENUM_CONVERSION = YES;
				CLANG_WARN_INFINITE_RECURSION = YES;
				CLANG_WARN_INT_CONVERSION = YES;
				CLANG_WARN_NON_LITERAL_NULL_CONVERSION = YES;
				CLANG_WARN_OBJC_IMPLICIT_RETAIN_SELF = YES;
				CLANG_WARN_OBJC_LITERAL_CONVERSION = YES;
				CLANG_WARN_OBJC_ROOT_CLASS = YES_ERROR;
				CLANG_WARN_QUOTED_INCLUDE_IN_FRAMEWORK_HEADER = YES;
				CLANG_WARN_RANGE_LOOP_ANALYSIS = YES;
				CLANG_WARN_STRICT_PROTOTYPES = YES;
				CLANG_WARN_SUSPICIOUS_MOVE = YES;
				CLANG_WARN_UNGUARDED_AVAILABILITY = YES_AGGRESSIVE;
				CLANG_WARN_UNREACHABLE_CODE = YES;
				CLANG_WARN__DUPLICATE_METHOD_MATCH = YES;
				COPY_PHASE_STRIP = NO;
				DEBUG_INFORMATION_FORMAT = dwarf;
				ENABLE_STRICT_OBJC_MSGSEND = YES;
				ENABLE_TESTABILITY = YES;
				GCC_C_LANGUAGE_STANDARD = gnu11;
				GCC_DYNAMIC_NO_PIC = NO;
				GCC_NO_COMMON_BLOCKS = YES;
				GCC_OPTIMIZATION_LEVEL = 0;
				GCC_PREPROCESSOR_DEFINITIONS = (
					"$(inherited)",
					"DEBUG=1",
				);
				GCC_WARN_64_TO_32_BIT_CONVERSION = YES;
				GCC_WARN_ABOUT_RETURN_TYPE = YES_ERROR;
				GCC_WARN_UNDECLARED_SELECTOR = YES;
				GCC_WARN_UNINITIALIZED_AUTOS = YES_AGGRESSIVE;
				GCC_WARN_UNUSED_FUNCTION = YES;
				GCC_WARN_UNUSED_VARIABLE = YES;
				MACOSX_DEPLOYMENT_TARGET = 26.0;
				MTL_ENABLE_DEBUG_INFO = INCLUDE_SOURCE;
				MTL_FAST_MATH = YES;
				ONLY_ACTIVE_ARCH = YES;
				PRODUCT_NAME = "$(TARGET_NAME)";
				SDKROOT = macosx;
				SWIFT_ACTIVE_COMPILATION_CONDITIONS = DEBUG;
				SWIFT_OPTIMIZATION_LEVEL = "-Onone";
				SWIFT_STRICT_CONCURRENCY = minimal;
				SWIFT_VERSION = 5.0;
			};
			name = Debug;
		};
		F722B52F8B80E0D3334EA524 /* Release */ = {
			isa = XCBuildConfiguration;
			buildSettings = {
				BUNDLE_LOADER = "$(TEST_HOST)";
				COMBINE_HIDPI_IMAGES = YES;
				GENERATE_INFOPLIST_FILE = YES;
				LD_RUNPATH_SEARCH_PATHS = (
					"$(inherited)",
					"@executable_path/../Frameworks",
					"@loader_path/../Frameworks",
				);
				PRODUCT_BUNDLE_IDENTIFIER = com.josh.simpleplayback.tests;
				PRODUCT_MODULE_NAME = Simple_PlaybackTests;
				SDKROOT = macosx;
				TEST_HOST = "$(BUILT_PRODUCTS_DIR)/Simple Playback.app/Contents/MacOS/Simple Playback";
			};
			name = Release;
		};
		FA48B2A4066F0D0DB38A8AFB /* Debug */ = {
			isa = XCBuildConfiguration;
			buildSettings = {
				BUNDLE_LOADER = "$(TEST_HOST)";
				COMBINE_HIDPI_IMAGES = YES;
				GENERATE_INFOPLIST_FILE = YES;
				LD_RUNPATH_SEARCH_PATHS = (
					"$(inherited)",
					"@executable_path/../Frameworks",
					"@loader_path/../Frameworks",
				);
				PRODUCT_BUNDLE_IDENTIFIER = com.josh.simpleplayback.tests;
				PRODUCT_MODULE_NAME = Simple_PlaybackTests;
				SDKROOT = macosx;
				TEST_HOST = "$(BUILT_PRODUCTS_DIR)/Simple Playback.app/Contents/MacOS/Simple Playback";
			};
			name = Debug;
		};
/* End XCBuildConfiguration section */

/* Begin XCConfigurationList section */
		961D6268C048175B110823BF /* Build configuration list for PBXNativeTarget "Simple PlaybackTests" */ = {
			isa = XCConfigurationList;
			buildConfigurations = (
				FA48B2A4066F0D0DB38A8AFB /* Debug */,
				F722B52F8B80E0D3334EA524 /* Release */,
			);
			defaultConfigurationIsVisible = 0;
			defaultConfigurationName = Debug;
		};
		D04341920E2699469CCD5B32 /* Build configuration list for PBXNativeTarget "Simple Playback" */ = {
			isa = XCConfigurationList;
			buildConfigurations = (
				3007CD98B886F1B056459246 /* Debug */,
				38B87759994CD0FD0821AC27 /* Release */,
			);
			defaultConfigurationIsVisible = 0;
			defaultConfigurationName = Debug;
		};
		F18EC9012A6F4001A5360CE8 /* Build configuration list for PBXProject "Simple Playback" */ = {
			isa = XCConfigurationList;
			buildConfigurations = (
				F36153E1DF0775629A131DAD /* Debug */,
				8373D4DFBB0DB3F5BA848B77 /* Release */,
			);
			defaultConfigurationIsVisible = 0;
			defaultConfigurationName = Debug;
		};
/* End XCConfigurationList section */

/* Begin XCRemoteSwiftPackageReference section */
		34C03226A738EABC9D494A05 /* XCRemoteSwiftPackageReference "Sparkle" */ = {
			isa = XCRemoteSwiftPackageReference;
			repositoryURL = "https://github.com/sparkle-project/Sparkle";
			requirement = {
				kind = upToNextMajorVersion;
				minimumVersion = 2.9.1;
			};
		};
/* End XCRemoteSwiftPackageReference section */

/* Begin XCSwiftPackageProductDependency section */
		4213C51E238E88088B4700FC /* Sparkle */ = {
			isa = XCSwiftPackageProductDependency;
			package = 34C03226A738EABC9D494A05 /* XCRemoteSwiftPackageReference "Sparkle" */;
			productName = Sparkle;
		};
/* End XCSwiftPackageProductDependency section */
	};
	rootObject = 761E44A1E89376BF8C2B320F /* Project object */;
}
